
Microsoft Visual Studio Solution File, Format Version 12.00
# Visual Studio Version 16
VisualStudioVersion = 16.0.28803.202
MinimumVisualStudioVersion = 10.0.40219.1
Project("{9A19103F-16F7-4668-BE54-9A1E7A4F7556}") = "Tello.SDKV2.Udp", "Tello.Udp\Tello.SDKV2.Udp.csproj", "{894D1A55-9212-4C04-AAD7-A6621549594D}"
EndProject
Project("{2150E333-8FDC-42A3-9474-1A3956D46DE8}") = "src", "src", "{27288A55-6761-4412-B2A5-EFAF635C4A30}"
EndProject
Project("{9A19103F-16F7-4668-BE54-9A1E7A4F7556}") = "Tello.Controller", "Tello.Controller\Tello.Controller.csproj", "{C19D61FF-4B43-4FE4-89CB-BBED1A9FDA4A}"
EndProject
Project("{9A19103F-16F7-4668-BE54-9A1E7A4F7556}") = "Tello.SDKV2.Emulator", "Tello.Emulator.SDKV2\Tello.SDKV2.Emulator.csproj", "{D1455165-FCA1-4C89-8FCE-33553AC060DD}"
EndProject
Project("{9A19103F-16F7-4668-BE54-9A1E7A4F7556}") = "Tello.SDKV2.Emulator.Demo", "Tello.Emulator.SDKV2.Demo\Tello.SDKV2.Emulator.Demo.csproj", "{9DB0B70C-E5F0-4E7E-B3E7-2C6E6D9E49DA}"
EndProject
Project("{9A19103F-16F7-4668-BE54-9A1E7A4F7556}") = "Tello.Messaging", "Tello.Messaging\Tello.Messaging.csproj", "{04963A60-6721-4057-B3AE-2D97D025D127}"
EndProject
Project("{9A19103F-16F7-4668-BE54-9A1E7A4F7556}") = "Tello.SDKV2.Udp.Demo", "Tello.Udp.Demo\Tello.SDKV2.Udp.Demo.csproj", "{AEC9444C-B8D6-468E-AF62-2E68C77321AC}"
EndProject
Project("{2150E333-8FDC-42A3-9474-1A3956D46DE8}") = "nuspec", "nuspec", "{7DB42DF1-D03B-4CEC-AF7E-37481DE7BB87}"
	ProjectSection(SolutionItems) = preProject
		nuspec\Package.nuspec = nuspec\Package.nuspec
	EndProjectSection
EndProject
Project("{2150E333-8FDC-42A3-9474-1A3956D46DE8}") = "art", "art", "{8D543EDC-1029-47D5-BF58-46317E16E67B}"
	ProjectSection(SolutionItems) = preProject
		..\art\drone.png = ..\art\drone.png
		..\art\drone.svg = ..\art\drone.svg
	EndProjectSection
EndProject
Project("{2150E333-8FDC-42A3-9474-1A3956D46DE8}") = "samples", "samples", "{A849398A-5600-4A72-B3B0-7E4A188629B7}"
EndProject
Project("{2150E333-8FDC-42A3-9474-1A3956D46DE8}") = "scripts", "scripts", "{623C1565-EF2D-4C99-9009-B81B3E1CBAD8}"
	ProjectSection(SolutionItems) = preProject
		..\scripts\PackNPush_Local_Debug.ps1 = ..\scripts\PackNPush_Local_Debug.ps1
		..\scripts\PackNPush_Local_Release.ps1 = ..\scripts\PackNPush_Local_Release.ps1
		..\scripts\PackNPush_NugetOrg.ps1 = ..\scripts\PackNPush_NugetOrg.ps1
		..\scripts\PackNPushAll.ps1 = ..\scripts\PackNPushAll.ps1
	EndProjectSection
EndProject
Project("{2150E333-8FDC-42A3-9474-1A3956D46DE8}") = "tests", "tests", "{E47234EE-606A-4CA7-B825-2A62305E20A7}"
EndProject
Project("{9A19103F-16F7-4668-BE54-9A1E7A4F7556}") = "Tello.Controller.Test", "..\tests\Tello.Conroller.Test\Tello.Controller.Test.csproj", "{9E3276F7-EDD1-4BDA-B2EF-0B77C7CAF895}"
EndProject
Project("{9A19103F-16F7-4668-BE54-9A1E7A4F7556}") = "Tello.Scripting", "Tello.Scripting\Tello.Scripting.csproj", "{847FE59E-FC20-4B54-B512-3225EE11497D}"
EndProject
Project("{2150E333-8FDC-42A3-9474-1A3956D46DE8}") = "libs", "libs", "{80810F3A-2779-482A-97D7-152D792DEBA0}"
EndProject
Project("{2150E333-8FDC-42A3-9474-1A3956D46DE8}") = "apps", "apps", "{722C4DAB-FADC-4869-9FB2-42553FBA5759}"
EndProject
Project("{2150E333-8FDC-42A3-9474-1A3956D46DE8}") = "root", "root", "{0277BA8E-9F79-4B28-B1B2-227B5DA529D2}"
	ProjectSection(SolutionItems) = preProject
		..\.gitignore = ..\.gitignore
		..\CODE_OF_CONDUCT.md = ..\CODE_OF_CONDUCT.md
		..\LICENSE = ..\LICENSE
		..\README.md = ..\README.md
		..\Tello SDK 2.0 User Guide.pdf = ..\Tello SDK 2.0 User Guide.pdf
	EndProjectSection
EndProject
Project("{9A19103F-16F7-4668-BE54-9A1E7A4F7556}") = "Tello.App", "Tello.App\Tello.App.csproj", "{5E9087A6-702A-47CA-853A-08DAA9ECE8B1}"
EndProject
Project("{FAE04EC0-301F-11D3-BF4B-00C04F79EFBC}") = "Tello.App.UWP", "Tello.App.UWP\Tello.App.UWP.csproj", "{52BC2634-A8DB-4AE3-97B2-ED35C7D89DF2}"
EndProject
Project("{2150E333-8FDC-42A3-9474-1A3956D46DE8}") = "design", "design", "{2BF948F2-156B-4665-ADF8-3FA296FBD02A}"
	ProjectSection(SolutionItems) = preProject
		..\design\TelloFlightControllerUI.bmpr = ..\design\TelloFlightControllerUI.bmpr
		..\design\TelloFlightControllerUI.pdf = ..\design\TelloFlightControllerUI.pdf
	EndProjectSection
EndProject
Project("{9A19103F-16F7-4668-BE54-9A1E7A4F7556}") = "Repository", "Repository\Repository.csproj", "{7CCE1AD3-75EE-446E-B2C0-91EAF78A88F7}"
EndProject
Project("{2150E333-8FDC-42A3-9474-1A3956D46DE8}") = "Storage", "Storage", "{DD739A98-4650-482E-8BA6-256150FC95DD}"
EndProject
Project("{9A19103F-16F7-4668-BE54-9A1E7A4F7556}") = "Repository.Sqlite.Test", "..\tests\Repository.Sqlite.Test\Repository.Sqlite.Test.csproj", "{AE2FE15F-BE87-4AF9-A54D-EF50BAB4B91C}"
EndProject
Project("{2150E333-8FDC-42A3-9474-1A3956D46DE8}") = "Entities", "Entities", "{3BAC6A96-B6AC-41E9-BB38-C6AA3D392B75}"
EndProject
Project("{9A19103F-16F7-4668-BE54-9A1E7A4F7556}") = "Tello.Observations.Sqlite", "Tello.Observations.Sqlite\Tello.Observations.Sqlite.csproj", "{5A37B7AD-AC37-4486-9BF6-9845C110ACE5}"
EndProject
Project("{9A19103F-16F7-4668-BE54-9A1E7A4F7556}") = "Tello.Observations", "Tello.Observations\Tello.Observations.csproj", "{7E093C92-34E3-4405-AE5D-9ABEA68C8455}"
EndProject
Project("{9A19103F-16F7-4668-BE54-9A1E7A4F7556}") = "Tello.Observations.Sqlite.Test", "..\tests\Tello.Observations.Sqlite.Test\Tello.Observations.Sqlite.Test.csproj", "{64E677BB-4DAD-4BC5-9EE8-ED985D82C8A6}"
EndProject
Project("{9A19103F-16F7-4668-BE54-9A1E7A4F7556}") = "Repository.Sqlite", "Repository.Sqlite\Repository.Sqlite.csproj", "{8C31E189-98FF-4621-8651-D963E6356966}"
EndProject
Project("{2150E333-8FDC-42A3-9474-1A3956D46DE8}") = "Respositories", "Respositories", "{1125698C-691D-4BCD-AA32-4B4344BF152C}"
EndProject
Project("{2150E333-8FDC-42A3-9474-1A3956D46DE8}") = "Messaging", "Messaging", "{BAA35940-293F-4C67-B8A9-3058D718D345}"
EndProject
Project("{9A19103F-16F7-4668-BE54-9A1E7A4F7556}") = "Messenger", "Messenger\Messenger.csproj", "{8C52209C-057E-4EF6-9126-E140A6B1F934}"
EndProject
Project("{FAE04EC0-301F-11D3-BF4B-00C04F79EFBC}") = "Messenger.Test", "..\tests\Messenger.Test\Messenger.Test.csproj", "{1D6BC4EB-D834-465A-9F93-9CF85DE40E2E}"
EndProject
Project("{FAE04EC0-301F-11D3-BF4B-00C04F79EFBC}") = "Messenger.Udp", "Messenger.Udp\Messenger.Udp.csproj", "{9D2C30D9-FEC6-4EBF-A078-A3ABC7CB9F87}"
EndProject
Project("{FAE04EC0-301F-11D3-BF4B-00C04F79EFBC}") = "Tello", "Tello\Tello.csproj", "{32CA8BB5-62A9-440D-8D52-298F81283891}"
EndProject
Global
	GlobalSection(SolutionConfigurationPlatforms) = preSolution
		Debug|Any CPU = Debug|Any CPU
		Debug|ARM = Debug|ARM
		Debug|ARM64 = Debug|ARM64
		Debug|x64 = Debug|x64
		Debug|x86 = Debug|x86
		Release|Any CPU = Release|Any CPU
		Release|ARM = Release|ARM
		Release|ARM64 = Release|ARM64
		Release|x64 = Release|x64
		Release|x86 = Release|x86
	EndGlobalSection
	GlobalSection(ProjectConfigurationPlatforms) = postSolution
		{894D1A55-9212-4C04-AAD7-A6621549594D}.Debug|Any CPU.ActiveCfg = Debug|Any CPU
		{894D1A55-9212-4C04-AAD7-A6621549594D}.Debug|Any CPU.Build.0 = Debug|Any CPU
		{894D1A55-9212-4C04-AAD7-A6621549594D}.Debug|ARM.ActiveCfg = Debug|Any CPU
		{894D1A55-9212-4C04-AAD7-A6621549594D}.Debug|ARM.Build.0 = Debug|Any CPU
		{894D1A55-9212-4C04-AAD7-A6621549594D}.Debug|ARM64.ActiveCfg = Debug|Any CPU
		{894D1A55-9212-4C04-AAD7-A6621549594D}.Debug|ARM64.Build.0 = Debug|Any CPU
		{894D1A55-9212-4C04-AAD7-A6621549594D}.Debug|x64.ActiveCfg = Debug|Any CPU
		{894D1A55-9212-4C04-AAD7-A6621549594D}.Debug|x64.Build.0 = Debug|Any CPU
		{894D1A55-9212-4C04-AAD7-A6621549594D}.Debug|x86.ActiveCfg = Debug|Any CPU
		{894D1A55-9212-4C04-AAD7-A6621549594D}.Debug|x86.Build.0 = Debug|Any CPU
		{894D1A55-9212-4C04-AAD7-A6621549594D}.Release|Any CPU.ActiveCfg = Release|Any CPU
		{894D1A55-9212-4C04-AAD7-A6621549594D}.Release|Any CPU.Build.0 = Release|Any CPU
		{894D1A55-9212-4C04-AAD7-A6621549594D}.Release|ARM.ActiveCfg = Release|Any CPU
		{894D1A55-9212-4C04-AAD7-A6621549594D}.Release|ARM.Build.0 = Release|Any CPU
		{894D1A55-9212-4C04-AAD7-A6621549594D}.Release|ARM64.ActiveCfg = Release|Any CPU
		{894D1A55-9212-4C04-AAD7-A6621549594D}.Release|ARM64.Build.0 = Release|Any CPU
		{894D1A55-9212-4C04-AAD7-A6621549594D}.Release|x64.ActiveCfg = Release|Any CPU
		{894D1A55-9212-4C04-AAD7-A6621549594D}.Release|x64.Build.0 = Release|Any CPU
		{894D1A55-9212-4C04-AAD7-A6621549594D}.Release|x86.ActiveCfg = Release|Any CPU
		{894D1A55-9212-4C04-AAD7-A6621549594D}.Release|x86.Build.0 = Release|Any CPU
		{C19D61FF-4B43-4FE4-89CB-BBED1A9FDA4A}.Debug|Any CPU.ActiveCfg = Debug|Any CPU
		{C19D61FF-4B43-4FE4-89CB-BBED1A9FDA4A}.Debug|Any CPU.Build.0 = Debug|Any CPU
		{C19D61FF-4B43-4FE4-89CB-BBED1A9FDA4A}.Debug|ARM.ActiveCfg = Debug|Any CPU
		{C19D61FF-4B43-4FE4-89CB-BBED1A9FDA4A}.Debug|ARM.Build.0 = Debug|Any CPU
		{C19D61FF-4B43-4FE4-89CB-BBED1A9FDA4A}.Debug|ARM64.ActiveCfg = Debug|Any CPU
		{C19D61FF-4B43-4FE4-89CB-BBED1A9FDA4A}.Debug|ARM64.Build.0 = Debug|Any CPU
		{C19D61FF-4B43-4FE4-89CB-BBED1A9FDA4A}.Debug|x64.ActiveCfg = Debug|Any CPU
		{C19D61FF-4B43-4FE4-89CB-BBED1A9FDA4A}.Debug|x64.Build.0 = Debug|Any CPU
		{C19D61FF-4B43-4FE4-89CB-BBED1A9FDA4A}.Debug|x86.ActiveCfg = Debug|Any CPU
		{C19D61FF-4B43-4FE4-89CB-BBED1A9FDA4A}.Debug|x86.Build.0 = Debug|Any CPU
		{C19D61FF-4B43-4FE4-89CB-BBED1A9FDA4A}.Release|Any CPU.ActiveCfg = Release|Any CPU
		{C19D61FF-4B43-4FE4-89CB-BBED1A9FDA4A}.Release|Any CPU.Build.0 = Release|Any CPU
		{C19D61FF-4B43-4FE4-89CB-BBED1A9FDA4A}.Release|ARM.ActiveCfg = Release|Any CPU
		{C19D61FF-4B43-4FE4-89CB-BBED1A9FDA4A}.Release|ARM.Build.0 = Release|Any CPU
		{C19D61FF-4B43-4FE4-89CB-BBED1A9FDA4A}.Release|ARM64.ActiveCfg = Release|Any CPU
		{C19D61FF-4B43-4FE4-89CB-BBED1A9FDA4A}.Release|ARM64.Build.0 = Release|Any CPU
		{C19D61FF-4B43-4FE4-89CB-BBED1A9FDA4A}.Release|x64.ActiveCfg = Release|Any CPU
		{C19D61FF-4B43-4FE4-89CB-BBED1A9FDA4A}.Release|x64.Build.0 = Release|Any CPU
		{C19D61FF-4B43-4FE4-89CB-BBED1A9FDA4A}.Release|x86.ActiveCfg = Release|Any CPU
		{C19D61FF-4B43-4FE4-89CB-BBED1A9FDA4A}.Release|x86.Build.0 = Release|Any CPU
		{D1455165-FCA1-4C89-8FCE-33553AC060DD}.Debug|Any CPU.ActiveCfg = Debug|Any CPU
		{D1455165-FCA1-4C89-8FCE-33553AC060DD}.Debug|Any CPU.Build.0 = Debug|Any CPU
		{D1455165-FCA1-4C89-8FCE-33553AC060DD}.Debug|ARM.ActiveCfg = Debug|Any CPU
		{D1455165-FCA1-4C89-8FCE-33553AC060DD}.Debug|ARM.Build.0 = Debug|Any CPU
		{D1455165-FCA1-4C89-8FCE-33553AC060DD}.Debug|ARM64.ActiveCfg = Debug|Any CPU
		{D1455165-FCA1-4C89-8FCE-33553AC060DD}.Debug|ARM64.Build.0 = Debug|Any CPU
		{D1455165-FCA1-4C89-8FCE-33553AC060DD}.Debug|x64.ActiveCfg = Debug|Any CPU
		{D1455165-FCA1-4C89-8FCE-33553AC060DD}.Debug|x64.Build.0 = Debug|Any CPU
		{D1455165-FCA1-4C89-8FCE-33553AC060DD}.Debug|x86.ActiveCfg = Debug|Any CPU
		{D1455165-FCA1-4C89-8FCE-33553AC060DD}.Debug|x86.Build.0 = Debug|Any CPU
		{D1455165-FCA1-4C89-8FCE-33553AC060DD}.Release|Any CPU.ActiveCfg = Release|Any CPU
		{D1455165-FCA1-4C89-8FCE-33553AC060DD}.Release|Any CPU.Build.0 = Release|Any CPU
		{D1455165-FCA1-4C89-8FCE-33553AC060DD}.Release|ARM.ActiveCfg = Release|Any CPU
		{D1455165-FCA1-4C89-8FCE-33553AC060DD}.Release|ARM.Build.0 = Release|Any CPU
		{D1455165-FCA1-4C89-8FCE-33553AC060DD}.Release|ARM64.ActiveCfg = Release|Any CPU
		{D1455165-FCA1-4C89-8FCE-33553AC060DD}.Release|ARM64.Build.0 = Release|Any CPU
		{D1455165-FCA1-4C89-8FCE-33553AC060DD}.Release|x64.ActiveCfg = Release|Any CPU
		{D1455165-FCA1-4C89-8FCE-33553AC060DD}.Release|x64.Build.0 = Release|Any CPU
		{D1455165-FCA1-4C89-8FCE-33553AC060DD}.Release|x86.ActiveCfg = Release|Any CPU
		{D1455165-FCA1-4C89-8FCE-33553AC060DD}.Release|x86.Build.0 = Release|Any CPU
		{9DB0B70C-E5F0-4E7E-B3E7-2C6E6D9E49DA}.Debug|Any CPU.ActiveCfg = Debug|Any CPU
		{9DB0B70C-E5F0-4E7E-B3E7-2C6E6D9E49DA}.Debug|Any CPU.Build.0 = Debug|Any CPU
		{9DB0B70C-E5F0-4E7E-B3E7-2C6E6D9E49DA}.Debug|ARM.ActiveCfg = Debug|Any CPU
		{9DB0B70C-E5F0-4E7E-B3E7-2C6E6D9E49DA}.Debug|ARM.Build.0 = Debug|Any CPU
		{9DB0B70C-E5F0-4E7E-B3E7-2C6E6D9E49DA}.Debug|ARM64.ActiveCfg = Debug|Any CPU
		{9DB0B70C-E5F0-4E7E-B3E7-2C6E6D9E49DA}.Debug|ARM64.Build.0 = Debug|Any CPU
		{9DB0B70C-E5F0-4E7E-B3E7-2C6E6D9E49DA}.Debug|x64.ActiveCfg = Debug|Any CPU
		{9DB0B70C-E5F0-4E7E-B3E7-2C6E6D9E49DA}.Debug|x64.Build.0 = Debug|Any CPU
		{9DB0B70C-E5F0-4E7E-B3E7-2C6E6D9E49DA}.Debug|x86.ActiveCfg = Debug|Any CPU
		{9DB0B70C-E5F0-4E7E-B3E7-2C6E6D9E49DA}.Debug|x86.Build.0 = Debug|Any CPU
		{9DB0B70C-E5F0-4E7E-B3E7-2C6E6D9E49DA}.Release|Any CPU.ActiveCfg = Release|Any CPU
		{9DB0B70C-E5F0-4E7E-B3E7-2C6E6D9E49DA}.Release|Any CPU.Build.0 = Release|Any CPU
		{9DB0B70C-E5F0-4E7E-B3E7-2C6E6D9E49DA}.Release|ARM.ActiveCfg = Release|Any CPU
		{9DB0B70C-E5F0-4E7E-B3E7-2C6E6D9E49DA}.Release|ARM.Build.0 = Release|Any CPU
		{9DB0B70C-E5F0-4E7E-B3E7-2C6E6D9E49DA}.Release|ARM64.ActiveCfg = Release|Any CPU
		{9DB0B70C-E5F0-4E7E-B3E7-2C6E6D9E49DA}.Release|ARM64.Build.0 = Release|Any CPU
		{9DB0B70C-E5F0-4E7E-B3E7-2C6E6D9E49DA}.Release|x64.ActiveCfg = Release|Any CPU
		{9DB0B70C-E5F0-4E7E-B3E7-2C6E6D9E49DA}.Release|x64.Build.0 = Release|Any CPU
		{9DB0B70C-E5F0-4E7E-B3E7-2C6E6D9E49DA}.Release|x86.ActiveCfg = Release|Any CPU
		{9DB0B70C-E5F0-4E7E-B3E7-2C6E6D9E49DA}.Release|x86.Build.0 = Release|Any CPU
		{04963A60-6721-4057-B3AE-2D97D025D127}.Debug|Any CPU.ActiveCfg = Debug|Any CPU
		{04963A60-6721-4057-B3AE-2D97D025D127}.Debug|Any CPU.Build.0 = Debug|Any CPU
		{04963A60-6721-4057-B3AE-2D97D025D127}.Debug|ARM.ActiveCfg = Debug|Any CPU
		{04963A60-6721-4057-B3AE-2D97D025D127}.Debug|ARM.Build.0 = Debug|Any CPU
		{04963A60-6721-4057-B3AE-2D97D025D127}.Debug|ARM64.ActiveCfg = Debug|Any CPU
		{04963A60-6721-4057-B3AE-2D97D025D127}.Debug|ARM64.Build.0 = Debug|Any CPU
		{04963A60-6721-4057-B3AE-2D97D025D127}.Debug|x64.ActiveCfg = Debug|Any CPU
		{04963A60-6721-4057-B3AE-2D97D025D127}.Debug|x64.Build.0 = Debug|Any CPU
		{04963A60-6721-4057-B3AE-2D97D025D127}.Debug|x86.ActiveCfg = Debug|Any CPU
		{04963A60-6721-4057-B3AE-2D97D025D127}.Debug|x86.Build.0 = Debug|Any CPU
		{04963A60-6721-4057-B3AE-2D97D025D127}.Release|Any CPU.ActiveCfg = Release|Any CPU
		{04963A60-6721-4057-B3AE-2D97D025D127}.Release|Any CPU.Build.0 = Release|Any CPU
		{04963A60-6721-4057-B3AE-2D97D025D127}.Release|ARM.ActiveCfg = Release|Any CPU
		{04963A60-6721-4057-B3AE-2D97D025D127}.Release|ARM.Build.0 = Release|Any CPU
		{04963A60-6721-4057-B3AE-2D97D025D127}.Release|ARM64.ActiveCfg = Release|Any CPU
		{04963A60-6721-4057-B3AE-2D97D025D127}.Release|ARM64.Build.0 = Release|Any CPU
		{04963A60-6721-4057-B3AE-2D97D025D127}.Release|x64.ActiveCfg = Release|Any CPU
		{04963A60-6721-4057-B3AE-2D97D025D127}.Release|x64.Build.0 = Release|Any CPU
		{04963A60-6721-4057-B3AE-2D97D025D127}.Release|x86.ActiveCfg = Release|Any CPU
		{04963A60-6721-4057-B3AE-2D97D025D127}.Release|x86.Build.0 = Release|Any CPU
		{AEC9444C-B8D6-468E-AF62-2E68C77321AC}.Debug|Any CPU.ActiveCfg = Debug|Any CPU
		{AEC9444C-B8D6-468E-AF62-2E68C77321AC}.Debug|Any CPU.Build.0 = Debug|Any CPU
		{AEC9444C-B8D6-468E-AF62-2E68C77321AC}.Debug|ARM.ActiveCfg = Debug|Any CPU
		{AEC9444C-B8D6-468E-AF62-2E68C77321AC}.Debug|ARM.Build.0 = Debug|Any CPU
		{AEC9444C-B8D6-468E-AF62-2E68C77321AC}.Debug|ARM64.ActiveCfg = Debug|Any CPU
		{AEC9444C-B8D6-468E-AF62-2E68C77321AC}.Debug|ARM64.Build.0 = Debug|Any CPU
		{AEC9444C-B8D6-468E-AF62-2E68C77321AC}.Debug|x64.ActiveCfg = Debug|Any CPU
		{AEC9444C-B8D6-468E-AF62-2E68C77321AC}.Debug|x64.Build.0 = Debug|Any CPU
		{AEC9444C-B8D6-468E-AF62-2E68C77321AC}.Debug|x86.ActiveCfg = Debug|Any CPU
		{AEC9444C-B8D6-468E-AF62-2E68C77321AC}.Debug|x86.Build.0 = Debug|Any CPU
		{AEC9444C-B8D6-468E-AF62-2E68C77321AC}.Release|Any CPU.ActiveCfg = Release|Any CPU
		{AEC9444C-B8D6-468E-AF62-2E68C77321AC}.Release|Any CPU.Build.0 = Release|Any CPU
		{AEC9444C-B8D6-468E-AF62-2E68C77321AC}.Release|ARM.ActiveCfg = Release|Any CPU
		{AEC9444C-B8D6-468E-AF62-2E68C77321AC}.Release|ARM.Build.0 = Release|Any CPU
		{AEC9444C-B8D6-468E-AF62-2E68C77321AC}.Release|ARM64.ActiveCfg = Release|Any CPU
		{AEC9444C-B8D6-468E-AF62-2E68C77321AC}.Release|ARM64.Build.0 = Release|Any CPU
		{AEC9444C-B8D6-468E-AF62-2E68C77321AC}.Release|x64.ActiveCfg = Release|Any CPU
		{AEC9444C-B8D6-468E-AF62-2E68C77321AC}.Release|x64.Build.0 = Release|Any CPU
		{AEC9444C-B8D6-468E-AF62-2E68C77321AC}.Release|x86.ActiveCfg = Release|Any CPU
		{AEC9444C-B8D6-468E-AF62-2E68C77321AC}.Release|x86.Build.0 = Release|Any CPU
		{9E3276F7-EDD1-4BDA-B2EF-0B77C7CAF895}.Debug|Any CPU.ActiveCfg = Debug|Any CPU
		{9E3276F7-EDD1-4BDA-B2EF-0B77C7CAF895}.Debug|Any CPU.Build.0 = Debug|Any CPU
		{9E3276F7-EDD1-4BDA-B2EF-0B77C7CAF895}.Debug|ARM.ActiveCfg = Debug|Any CPU
		{9E3276F7-EDD1-4BDA-B2EF-0B77C7CAF895}.Debug|ARM.Build.0 = Debug|Any CPU
		{9E3276F7-EDD1-4BDA-B2EF-0B77C7CAF895}.Debug|ARM64.ActiveCfg = Debug|Any CPU
		{9E3276F7-EDD1-4BDA-B2EF-0B77C7CAF895}.Debug|ARM64.Build.0 = Debug|Any CPU
		{9E3276F7-EDD1-4BDA-B2EF-0B77C7CAF895}.Debug|x64.ActiveCfg = Debug|Any CPU
		{9E3276F7-EDD1-4BDA-B2EF-0B77C7CAF895}.Debug|x64.Build.0 = Debug|Any CPU
		{9E3276F7-EDD1-4BDA-B2EF-0B77C7CAF895}.Debug|x86.ActiveCfg = Debug|Any CPU
		{9E3276F7-EDD1-4BDA-B2EF-0B77C7CAF895}.Debug|x86.Build.0 = Debug|Any CPU
		{9E3276F7-EDD1-4BDA-B2EF-0B77C7CAF895}.Release|Any CPU.ActiveCfg = Release|Any CPU
		{9E3276F7-EDD1-4BDA-B2EF-0B77C7CAF895}.Release|Any CPU.Build.0 = Release|Any CPU
		{9E3276F7-EDD1-4BDA-B2EF-0B77C7CAF895}.Release|ARM.ActiveCfg = Release|Any CPU
		{9E3276F7-EDD1-4BDA-B2EF-0B77C7CAF895}.Release|ARM.Build.0 = Release|Any CPU
		{9E3276F7-EDD1-4BDA-B2EF-0B77C7CAF895}.Release|ARM64.ActiveCfg = Release|Any CPU
		{9E3276F7-EDD1-4BDA-B2EF-0B77C7CAF895}.Release|ARM64.Build.0 = Release|Any CPU
		{9E3276F7-EDD1-4BDA-B2EF-0B77C7CAF895}.Release|x64.ActiveCfg = Release|Any CPU
		{9E3276F7-EDD1-4BDA-B2EF-0B77C7CAF895}.Release|x64.Build.0 = Release|Any CPU
		{9E3276F7-EDD1-4BDA-B2EF-0B77C7CAF895}.Release|x86.ActiveCfg = Release|Any CPU
		{9E3276F7-EDD1-4BDA-B2EF-0B77C7CAF895}.Release|x86.Build.0 = Release|Any CPU
		{847FE59E-FC20-4B54-B512-3225EE11497D}.Debug|Any CPU.ActiveCfg = Debug|Any CPU
		{847FE59E-FC20-4B54-B512-3225EE11497D}.Debug|Any CPU.Build.0 = Debug|Any CPU
		{847FE59E-FC20-4B54-B512-3225EE11497D}.Debug|ARM.ActiveCfg = Debug|Any CPU
		{847FE59E-FC20-4B54-B512-3225EE11497D}.Debug|ARM.Build.0 = Debug|Any CPU
		{847FE59E-FC20-4B54-B512-3225EE11497D}.Debug|ARM64.ActiveCfg = Debug|Any CPU
		{847FE59E-FC20-4B54-B512-3225EE11497D}.Debug|ARM64.Build.0 = Debug|Any CPU
		{847FE59E-FC20-4B54-B512-3225EE11497D}.Debug|x64.ActiveCfg = Debug|Any CPU
		{847FE59E-FC20-4B54-B512-3225EE11497D}.Debug|x64.Build.0 = Debug|Any CPU
		{847FE59E-FC20-4B54-B512-3225EE11497D}.Debug|x86.ActiveCfg = Debug|Any CPU
		{847FE59E-FC20-4B54-B512-3225EE11497D}.Debug|x86.Build.0 = Debug|Any CPU
		{847FE59E-FC20-4B54-B512-3225EE11497D}.Release|Any CPU.ActiveCfg = Release|Any CPU
		{847FE59E-FC20-4B54-B512-3225EE11497D}.Release|Any CPU.Build.0 = Release|Any CPU
		{847FE59E-FC20-4B54-B512-3225EE11497D}.Release|ARM.ActiveCfg = Release|Any CPU
		{847FE59E-FC20-4B54-B512-3225EE11497D}.Release|ARM.Build.0 = Release|Any CPU
		{847FE59E-FC20-4B54-B512-3225EE11497D}.Release|ARM64.ActiveCfg = Release|Any CPU
		{847FE59E-FC20-4B54-B512-3225EE11497D}.Release|ARM64.Build.0 = Release|Any CPU
		{847FE59E-FC20-4B54-B512-3225EE11497D}.Release|x64.ActiveCfg = Release|Any CPU
		{847FE59E-FC20-4B54-B512-3225EE11497D}.Release|x64.Build.0 = Release|Any CPU
		{847FE59E-FC20-4B54-B512-3225EE11497D}.Release|x86.ActiveCfg = Release|Any CPU
		{847FE59E-FC20-4B54-B512-3225EE11497D}.Release|x86.Build.0 = Release|Any CPU
		{5E9087A6-702A-47CA-853A-08DAA9ECE8B1}.Debug|Any CPU.ActiveCfg = Debug|Any CPU
		{5E9087A6-702A-47CA-853A-08DAA9ECE8B1}.Debug|Any CPU.Build.0 = Debug|Any CPU
		{5E9087A6-702A-47CA-853A-08DAA9ECE8B1}.Debug|ARM.ActiveCfg = Debug|Any CPU
		{5E9087A6-702A-47CA-853A-08DAA9ECE8B1}.Debug|ARM.Build.0 = Debug|Any CPU
		{5E9087A6-702A-47CA-853A-08DAA9ECE8B1}.Debug|ARM64.ActiveCfg = Debug|Any CPU
		{5E9087A6-702A-47CA-853A-08DAA9ECE8B1}.Debug|ARM64.Build.0 = Debug|Any CPU
		{5E9087A6-702A-47CA-853A-08DAA9ECE8B1}.Debug|x64.ActiveCfg = Debug|Any CPU
		{5E9087A6-702A-47CA-853A-08DAA9ECE8B1}.Debug|x64.Build.0 = Debug|Any CPU
		{5E9087A6-702A-47CA-853A-08DAA9ECE8B1}.Debug|x86.ActiveCfg = Debug|Any CPU
		{5E9087A6-702A-47CA-853A-08DAA9ECE8B1}.Debug|x86.Build.0 = Debug|Any CPU
		{5E9087A6-702A-47CA-853A-08DAA9ECE8B1}.Release|Any CPU.ActiveCfg = Release|Any CPU
		{5E9087A6-702A-47CA-853A-08DAA9ECE8B1}.Release|Any CPU.Build.0 = Release|Any CPU
		{5E9087A6-702A-47CA-853A-08DAA9ECE8B1}.Release|ARM.ActiveCfg = Release|Any CPU
		{5E9087A6-702A-47CA-853A-08DAA9ECE8B1}.Release|ARM.Build.0 = Release|Any CPU
		{5E9087A6-702A-47CA-853A-08DAA9ECE8B1}.Release|ARM64.ActiveCfg = Release|Any CPU
		{5E9087A6-702A-47CA-853A-08DAA9ECE8B1}.Release|ARM64.Build.0 = Release|Any CPU
		{5E9087A6-702A-47CA-853A-08DAA9ECE8B1}.Release|x64.ActiveCfg = Release|Any CPU
		{5E9087A6-702A-47CA-853A-08DAA9ECE8B1}.Release|x64.Build.0 = Release|Any CPU
		{5E9087A6-702A-47CA-853A-08DAA9ECE8B1}.Release|x86.ActiveCfg = Release|Any CPU
		{5E9087A6-702A-47CA-853A-08DAA9ECE8B1}.Release|x86.Build.0 = Release|Any CPU
		{52BC2634-A8DB-4AE3-97B2-ED35C7D89DF2}.Debug|Any CPU.ActiveCfg = Debug|x86
		{52BC2634-A8DB-4AE3-97B2-ED35C7D89DF2}.Debug|Any CPU.Build.0 = Debug|x86
		{52BC2634-A8DB-4AE3-97B2-ED35C7D89DF2}.Debug|Any CPU.Deploy.0 = Debug|x86
		{52BC2634-A8DB-4AE3-97B2-ED35C7D89DF2}.Debug|ARM.ActiveCfg = Debug|ARM
		{52BC2634-A8DB-4AE3-97B2-ED35C7D89DF2}.Debug|ARM.Build.0 = Debug|ARM
		{52BC2634-A8DB-4AE3-97B2-ED35C7D89DF2}.Debug|ARM.Deploy.0 = Debug|ARM
		{52BC2634-A8DB-4AE3-97B2-ED35C7D89DF2}.Debug|ARM64.ActiveCfg = Debug|ARM64
		{52BC2634-A8DB-4AE3-97B2-ED35C7D89DF2}.Debug|ARM64.Build.0 = Debug|ARM64
		{52BC2634-A8DB-4AE3-97B2-ED35C7D89DF2}.Debug|ARM64.Deploy.0 = Debug|ARM64
		{52BC2634-A8DB-4AE3-97B2-ED35C7D89DF2}.Debug|x64.ActiveCfg = Debug|x64
		{52BC2634-A8DB-4AE3-97B2-ED35C7D89DF2}.Debug|x64.Build.0 = Debug|x64
		{52BC2634-A8DB-4AE3-97B2-ED35C7D89DF2}.Debug|x64.Deploy.0 = Debug|x64
		{52BC2634-A8DB-4AE3-97B2-ED35C7D89DF2}.Debug|x86.ActiveCfg = Debug|x86
		{52BC2634-A8DB-4AE3-97B2-ED35C7D89DF2}.Debug|x86.Build.0 = Debug|x86
		{52BC2634-A8DB-4AE3-97B2-ED35C7D89DF2}.Debug|x86.Deploy.0 = Debug|x86
		{52BC2634-A8DB-4AE3-97B2-ED35C7D89DF2}.Release|Any CPU.ActiveCfg = Release|x86
		{52BC2634-A8DB-4AE3-97B2-ED35C7D89DF2}.Release|ARM.ActiveCfg = Release|ARM
		{52BC2634-A8DB-4AE3-97B2-ED35C7D89DF2}.Release|ARM.Build.0 = Release|ARM
		{52BC2634-A8DB-4AE3-97B2-ED35C7D89DF2}.Release|ARM.Deploy.0 = Release|ARM
		{52BC2634-A8DB-4AE3-97B2-ED35C7D89DF2}.Release|ARM64.ActiveCfg = Release|ARM64
		{52BC2634-A8DB-4AE3-97B2-ED35C7D89DF2}.Release|ARM64.Build.0 = Release|ARM64
		{52BC2634-A8DB-4AE3-97B2-ED35C7D89DF2}.Release|ARM64.Deploy.0 = Release|ARM64
		{52BC2634-A8DB-4AE3-97B2-ED35C7D89DF2}.Release|x64.ActiveCfg = Release|x64
		{52BC2634-A8DB-4AE3-97B2-ED35C7D89DF2}.Release|x64.Build.0 = Release|x64
		{52BC2634-A8DB-4AE3-97B2-ED35C7D89DF2}.Release|x64.Deploy.0 = Release|x64
		{52BC2634-A8DB-4AE3-97B2-ED35C7D89DF2}.Release|x86.ActiveCfg = Release|x86
		{52BC2634-A8DB-4AE3-97B2-ED35C7D89DF2}.Release|x86.Build.0 = Release|x86
		{52BC2634-A8DB-4AE3-97B2-ED35C7D89DF2}.Release|x86.Deploy.0 = Release|x86
		{7CCE1AD3-75EE-446E-B2C0-91EAF78A88F7}.Debug|Any CPU.ActiveCfg = Debug|Any CPU
		{7CCE1AD3-75EE-446E-B2C0-91EAF78A88F7}.Debug|Any CPU.Build.0 = Debug|Any CPU
		{7CCE1AD3-75EE-446E-B2C0-91EAF78A88F7}.Debug|ARM.ActiveCfg = Debug|Any CPU
		{7CCE1AD3-75EE-446E-B2C0-91EAF78A88F7}.Debug|ARM.Build.0 = Debug|Any CPU
		{7CCE1AD3-75EE-446E-B2C0-91EAF78A88F7}.Debug|ARM64.ActiveCfg = Debug|Any CPU
		{7CCE1AD3-75EE-446E-B2C0-91EAF78A88F7}.Debug|ARM64.Build.0 = Debug|Any CPU
		{7CCE1AD3-75EE-446E-B2C0-91EAF78A88F7}.Debug|x64.ActiveCfg = Debug|Any CPU
		{7CCE1AD3-75EE-446E-B2C0-91EAF78A88F7}.Debug|x64.Build.0 = Debug|Any CPU
		{7CCE1AD3-75EE-446E-B2C0-91EAF78A88F7}.Debug|x86.ActiveCfg = Debug|Any CPU
		{7CCE1AD3-75EE-446E-B2C0-91EAF78A88F7}.Debug|x86.Build.0 = Debug|Any CPU
		{7CCE1AD3-75EE-446E-B2C0-91EAF78A88F7}.Release|Any CPU.ActiveCfg = Release|Any CPU
		{7CCE1AD3-75EE-446E-B2C0-91EAF78A88F7}.Release|Any CPU.Build.0 = Release|Any CPU
		{7CCE1AD3-75EE-446E-B2C0-91EAF78A88F7}.Release|ARM.ActiveCfg = Release|Any CPU
		{7CCE1AD3-75EE-446E-B2C0-91EAF78A88F7}.Release|ARM.Build.0 = Release|Any CPU
		{7CCE1AD3-75EE-446E-B2C0-91EAF78A88F7}.Release|ARM64.ActiveCfg = Release|Any CPU
		{7CCE1AD3-75EE-446E-B2C0-91EAF78A88F7}.Release|ARM64.Build.0 = Release|Any CPU
		{7CCE1AD3-75EE-446E-B2C0-91EAF78A88F7}.Release|x64.ActiveCfg = Release|Any CPU
		{7CCE1AD3-75EE-446E-B2C0-91EAF78A88F7}.Release|x64.Build.0 = Release|Any CPU
		{7CCE1AD3-75EE-446E-B2C0-91EAF78A88F7}.Release|x86.ActiveCfg = Release|Any CPU
		{7CCE1AD3-75EE-446E-B2C0-91EAF78A88F7}.Release|x86.Build.0 = Release|Any CPU
		{AE2FE15F-BE87-4AF9-A54D-EF50BAB4B91C}.Debug|Any CPU.ActiveCfg = Debug|Any CPU
		{AE2FE15F-BE87-4AF9-A54D-EF50BAB4B91C}.Debug|Any CPU.Build.0 = Debug|Any CPU
		{AE2FE15F-BE87-4AF9-A54D-EF50BAB4B91C}.Debug|ARM.ActiveCfg = Debug|Any CPU
		{AE2FE15F-BE87-4AF9-A54D-EF50BAB4B91C}.Debug|ARM.Build.0 = Debug|Any CPU
		{AE2FE15F-BE87-4AF9-A54D-EF50BAB4B91C}.Debug|ARM64.ActiveCfg = Debug|Any CPU
		{AE2FE15F-BE87-4AF9-A54D-EF50BAB4B91C}.Debug|ARM64.Build.0 = Debug|Any CPU
		{AE2FE15F-BE87-4AF9-A54D-EF50BAB4B91C}.Debug|x64.ActiveCfg = Debug|Any CPU
		{AE2FE15F-BE87-4AF9-A54D-EF50BAB4B91C}.Debug|x64.Build.0 = Debug|Any CPU
		{AE2FE15F-BE87-4AF9-A54D-EF50BAB4B91C}.Debug|x86.ActiveCfg = Debug|Any CPU
		{AE2FE15F-BE87-4AF9-A54D-EF50BAB4B91C}.Debug|x86.Build.0 = Debug|Any CPU
		{AE2FE15F-BE87-4AF9-A54D-EF50BAB4B91C}.Release|Any CPU.ActiveCfg = Release|Any CPU
		{AE2FE15F-BE87-4AF9-A54D-EF50BAB4B91C}.Release|Any CPU.Build.0 = Release|Any CPU
		{AE2FE15F-BE87-4AF9-A54D-EF50BAB4B91C}.Release|ARM.ActiveCfg = Release|Any CPU
		{AE2FE15F-BE87-4AF9-A54D-EF50BAB4B91C}.Release|ARM.Build.0 = Release|Any CPU
		{AE2FE15F-BE87-4AF9-A54D-EF50BAB4B91C}.Release|ARM64.ActiveCfg = Release|Any CPU
		{AE2FE15F-BE87-4AF9-A54D-EF50BAB4B91C}.Release|ARM64.Build.0 = Release|Any CPU
		{AE2FE15F-BE87-4AF9-A54D-EF50BAB4B91C}.Release|x64.ActiveCfg = Release|Any CPU
		{AE2FE15F-BE87-4AF9-A54D-EF50BAB4B91C}.Release|x64.Build.0 = Release|Any CPU
		{AE2FE15F-BE87-4AF9-A54D-EF50BAB4B91C}.Release|x86.ActiveCfg = Release|Any CPU
		{AE2FE15F-BE87-4AF9-A54D-EF50BAB4B91C}.Release|x86.Build.0 = Release|Any CPU
		{5A37B7AD-AC37-4486-9BF6-9845C110ACE5}.Debug|Any CPU.ActiveCfg = Debug|Any CPU
		{5A37B7AD-AC37-4486-9BF6-9845C110ACE5}.Debug|Any CPU.Build.0 = Debug|Any CPU
		{5A37B7AD-AC37-4486-9BF6-9845C110ACE5}.Debug|ARM.ActiveCfg = Debug|Any CPU
		{5A37B7AD-AC37-4486-9BF6-9845C110ACE5}.Debug|ARM.Build.0 = Debug|Any CPU
		{5A37B7AD-AC37-4486-9BF6-9845C110ACE5}.Debug|ARM64.ActiveCfg = Debug|Any CPU
		{5A37B7AD-AC37-4486-9BF6-9845C110ACE5}.Debug|ARM64.Build.0 = Debug|Any CPU
		{5A37B7AD-AC37-4486-9BF6-9845C110ACE5}.Debug|x64.ActiveCfg = Debug|Any CPU
		{5A37B7AD-AC37-4486-9BF6-9845C110ACE5}.Debug|x64.Build.0 = Debug|Any CPU
		{5A37B7AD-AC37-4486-9BF6-9845C110ACE5}.Debug|x86.ActiveCfg = Debug|Any CPU
		{5A37B7AD-AC37-4486-9BF6-9845C110ACE5}.Debug|x86.Build.0 = Debug|Any CPU
		{5A37B7AD-AC37-4486-9BF6-9845C110ACE5}.Release|Any CPU.ActiveCfg = Release|Any CPU
		{5A37B7AD-AC37-4486-9BF6-9845C110ACE5}.Release|Any CPU.Build.0 = Release|Any CPU
		{5A37B7AD-AC37-4486-9BF6-9845C110ACE5}.Release|ARM.ActiveCfg = Release|Any CPU
		{5A37B7AD-AC37-4486-9BF6-9845C110ACE5}.Release|ARM.Build.0 = Release|Any CPU
		{5A37B7AD-AC37-4486-9BF6-9845C110ACE5}.Release|ARM64.ActiveCfg = Release|Any CPU
		{5A37B7AD-AC37-4486-9BF6-9845C110ACE5}.Release|ARM64.Build.0 = Release|Any CPU
		{5A37B7AD-AC37-4486-9BF6-9845C110ACE5}.Release|x64.ActiveCfg = Release|Any CPU
		{5A37B7AD-AC37-4486-9BF6-9845C110ACE5}.Release|x64.Build.0 = Release|Any CPU
		{5A37B7AD-AC37-4486-9BF6-9845C110ACE5}.Release|x86.ActiveCfg = Release|Any CPU
		{5A37B7AD-AC37-4486-9BF6-9845C110ACE5}.Release|x86.Build.0 = Release|Any CPU
		{7E093C92-34E3-4405-AE5D-9ABEA68C8455}.Debug|Any CPU.ActiveCfg = Debug|Any CPU
		{7E093C92-34E3-4405-AE5D-9ABEA68C8455}.Debug|Any CPU.Build.0 = Debug|Any CPU
		{7E093C92-34E3-4405-AE5D-9ABEA68C8455}.Debug|ARM.ActiveCfg = Debug|Any CPU
		{7E093C92-34E3-4405-AE5D-9ABEA68C8455}.Debug|ARM.Build.0 = Debug|Any CPU
		{7E093C92-34E3-4405-AE5D-9ABEA68C8455}.Debug|ARM64.ActiveCfg = Debug|Any CPU
		{7E093C92-34E3-4405-AE5D-9ABEA68C8455}.Debug|ARM64.Build.0 = Debug|Any CPU
		{7E093C92-34E3-4405-AE5D-9ABEA68C8455}.Debug|x64.ActiveCfg = Debug|Any CPU
		{7E093C92-34E3-4405-AE5D-9ABEA68C8455}.Debug|x64.Build.0 = Debug|Any CPU
		{7E093C92-34E3-4405-AE5D-9ABEA68C8455}.Debug|x86.ActiveCfg = Debug|Any CPU
		{7E093C92-34E3-4405-AE5D-9ABEA68C8455}.Debug|x86.Build.0 = Debug|Any CPU
		{7E093C92-34E3-4405-AE5D-9ABEA68C8455}.Release|Any CPU.ActiveCfg = Release|Any CPU
		{7E093C92-34E3-4405-AE5D-9ABEA68C8455}.Release|Any CPU.Build.0 = Release|Any CPU
		{7E093C92-34E3-4405-AE5D-9ABEA68C8455}.Release|ARM.ActiveCfg = Release|Any CPU
		{7E093C92-34E3-4405-AE5D-9ABEA68C8455}.Release|ARM.Build.0 = Release|Any CPU
		{7E093C92-34E3-4405-AE5D-9ABEA68C8455}.Release|ARM64.ActiveCfg = Release|Any CPU
		{7E093C92-34E3-4405-AE5D-9ABEA68C8455}.Release|ARM64.Build.0 = Release|Any CPU
		{7E093C92-34E3-4405-AE5D-9ABEA68C8455}.Release|x64.ActiveCfg = Release|Any CPU
		{7E093C92-34E3-4405-AE5D-9ABEA68C8455}.Release|x64.Build.0 = Release|Any CPU
		{7E093C92-34E3-4405-AE5D-9ABEA68C8455}.Release|x86.ActiveCfg = Release|Any CPU
		{7E093C92-34E3-4405-AE5D-9ABEA68C8455}.Release|x86.Build.0 = Release|Any CPU
		{64E677BB-4DAD-4BC5-9EE8-ED985D82C8A6}.Debug|Any CPU.ActiveCfg = Debug|Any CPU
		{64E677BB-4DAD-4BC5-9EE8-ED985D82C8A6}.Debug|Any CPU.Build.0 = Debug|Any CPU
		{64E677BB-4DAD-4BC5-9EE8-ED985D82C8A6}.Debug|ARM.ActiveCfg = Debug|Any CPU
		{64E677BB-4DAD-4BC5-9EE8-ED985D82C8A6}.Debug|ARM.Build.0 = Debug|Any CPU
		{64E677BB-4DAD-4BC5-9EE8-ED985D82C8A6}.Debug|ARM64.ActiveCfg = Debug|Any CPU
		{64E677BB-4DAD-4BC5-9EE8-ED985D82C8A6}.Debug|ARM64.Build.0 = Debug|Any CPU
		{64E677BB-4DAD-4BC5-9EE8-ED985D82C8A6}.Debug|x64.ActiveCfg = Debug|Any CPU
		{64E677BB-4DAD-4BC5-9EE8-ED985D82C8A6}.Debug|x64.Build.0 = Debug|Any CPU
		{64E677BB-4DAD-4BC5-9EE8-ED985D82C8A6}.Debug|x86.ActiveCfg = Debug|Any CPU
		{64E677BB-4DAD-4BC5-9EE8-ED985D82C8A6}.Debug|x86.Build.0 = Debug|Any CPU
		{64E677BB-4DAD-4BC5-9EE8-ED985D82C8A6}.Release|Any CPU.ActiveCfg = Release|Any CPU
		{64E677BB-4DAD-4BC5-9EE8-ED985D82C8A6}.Release|Any CPU.Build.0 = Release|Any CPU
		{64E677BB-4DAD-4BC5-9EE8-ED985D82C8A6}.Release|ARM.ActiveCfg = Release|Any CPU
		{64E677BB-4DAD-4BC5-9EE8-ED985D82C8A6}.Release|ARM.Build.0 = Release|Any CPU
		{64E677BB-4DAD-4BC5-9EE8-ED985D82C8A6}.Release|ARM64.ActiveCfg = Release|Any CPU
		{64E677BB-4DAD-4BC5-9EE8-ED985D82C8A6}.Release|ARM64.Build.0 = Release|Any CPU
		{64E677BB-4DAD-4BC5-9EE8-ED985D82C8A6}.Release|x64.ActiveCfg = Release|Any CPU
		{64E677BB-4DAD-4BC5-9EE8-ED985D82C8A6}.Release|x64.Build.0 = Release|Any CPU
		{64E677BB-4DAD-4BC5-9EE8-ED985D82C8A6}.Release|x86.ActiveCfg = Release|Any CPU
		{64E677BB-4DAD-4BC5-9EE8-ED985D82C8A6}.Release|x86.Build.0 = Release|Any CPU
		{8C31E189-98FF-4621-8651-D963E6356966}.Debug|Any CPU.ActiveCfg = Debug|Any CPU
		{8C31E189-98FF-4621-8651-D963E6356966}.Debug|Any CPU.Build.0 = Debug|Any CPU
		{8C31E189-98FF-4621-8651-D963E6356966}.Debug|ARM.ActiveCfg = Debug|Any CPU
		{8C31E189-98FF-4621-8651-D963E6356966}.Debug|ARM.Build.0 = Debug|Any CPU
		{8C31E189-98FF-4621-8651-D963E6356966}.Debug|ARM64.ActiveCfg = Debug|Any CPU
		{8C31E189-98FF-4621-8651-D963E6356966}.Debug|ARM64.Build.0 = Debug|Any CPU
		{8C31E189-98FF-4621-8651-D963E6356966}.Debug|x64.ActiveCfg = Debug|Any CPU
		{8C31E189-98FF-4621-8651-D963E6356966}.Debug|x64.Build.0 = Debug|Any CPU
		{8C31E189-98FF-4621-8651-D963E6356966}.Debug|x86.ActiveCfg = Debug|Any CPU
		{8C31E189-98FF-4621-8651-D963E6356966}.Debug|x86.Build.0 = Debug|Any CPU
		{8C31E189-98FF-4621-8651-D963E6356966}.Release|Any CPU.ActiveCfg = Release|Any CPU
		{8C31E189-98FF-4621-8651-D963E6356966}.Release|Any CPU.Build.0 = Release|Any CPU
		{8C31E189-98FF-4621-8651-D963E6356966}.Release|ARM.ActiveCfg = Release|Any CPU
		{8C31E189-98FF-4621-8651-D963E6356966}.Release|ARM.Build.0 = Release|Any CPU
		{8C31E189-98FF-4621-8651-D963E6356966}.Release|ARM64.ActiveCfg = Release|Any CPU
		{8C31E189-98FF-4621-8651-D963E6356966}.Release|ARM64.Build.0 = Release|Any CPU
		{8C31E189-98FF-4621-8651-D963E6356966}.Release|x64.ActiveCfg = Release|Any CPU
		{8C31E189-98FF-4621-8651-D963E6356966}.Release|x64.Build.0 = Release|Any CPU
		{8C31E189-98FF-4621-8651-D963E6356966}.Release|x86.ActiveCfg = Release|Any CPU
		{8C31E189-98FF-4621-8651-D963E6356966}.Release|x86.Build.0 = Release|Any CPU
		{8C52209C-057E-4EF6-9126-E140A6B1F934}.Debug|Any CPU.ActiveCfg = Debug|Any CPU
		{8C52209C-057E-4EF6-9126-E140A6B1F934}.Debug|Any CPU.Build.0 = Debug|Any CPU
		{8C52209C-057E-4EF6-9126-E140A6B1F934}.Debug|ARM.ActiveCfg = Debug|Any CPU
		{8C52209C-057E-4EF6-9126-E140A6B1F934}.Debug|ARM.Build.0 = Debug|Any CPU
		{8C52209C-057E-4EF6-9126-E140A6B1F934}.Debug|ARM64.ActiveCfg = Debug|Any CPU
		{8C52209C-057E-4EF6-9126-E140A6B1F934}.Debug|ARM64.Build.0 = Debug|Any CPU
		{8C52209C-057E-4EF6-9126-E140A6B1F934}.Debug|x64.ActiveCfg = Debug|Any CPU
		{8C52209C-057E-4EF6-9126-E140A6B1F934}.Debug|x64.Build.0 = Debug|Any CPU
		{8C52209C-057E-4EF6-9126-E140A6B1F934}.Debug|x86.ActiveCfg = Debug|Any CPU
		{8C52209C-057E-4EF6-9126-E140A6B1F934}.Debug|x86.Build.0 = Debug|Any CPU
		{8C52209C-057E-4EF6-9126-E140A6B1F934}.Release|Any CPU.ActiveCfg = Release|Any CPU
		{8C52209C-057E-4EF6-9126-E140A6B1F934}.Release|Any CPU.Build.0 = Release|Any CPU
		{8C52209C-057E-4EF6-9126-E140A6B1F934}.Release|ARM.ActiveCfg = Release|Any CPU
		{8C52209C-057E-4EF6-9126-E140A6B1F934}.Release|ARM.Build.0 = Release|Any CPU
		{8C52209C-057E-4EF6-9126-E140A6B1F934}.Release|ARM64.ActiveCfg = Release|Any CPU
		{8C52209C-057E-4EF6-9126-E140A6B1F934}.Release|ARM64.Build.0 = Release|Any CPU
		{8C52209C-057E-4EF6-9126-E140A6B1F934}.Release|x64.ActiveCfg = Release|Any CPU
		{8C52209C-057E-4EF6-9126-E140A6B1F934}.Release|x64.Build.0 = Release|Any CPU
		{8C52209C-057E-4EF6-9126-E140A6B1F934}.Release|x86.ActiveCfg = Release|Any CPU
		{8C52209C-057E-4EF6-9126-E140A6B1F934}.Release|x86.Build.0 = Release|Any CPU
		{1D6BC4EB-D834-465A-9F93-9CF85DE40E2E}.Debug|Any CPU.ActiveCfg = Debug|Any CPU
		{1D6BC4EB-D834-465A-9F93-9CF85DE40E2E}.Debug|Any CPU.Build.0 = Debug|Any CPU
		{1D6BC4EB-D834-465A-9F93-9CF85DE40E2E}.Debug|ARM.ActiveCfg = Debug|Any CPU
		{1D6BC4EB-D834-465A-9F93-9CF85DE40E2E}.Debug|ARM.Build.0 = Debug|Any CPU
		{1D6BC4EB-D834-465A-9F93-9CF85DE40E2E}.Debug|ARM64.ActiveCfg = Debug|Any CPU
		{1D6BC4EB-D834-465A-9F93-9CF85DE40E2E}.Debug|ARM64.Build.0 = Debug|Any CPU
		{1D6BC4EB-D834-465A-9F93-9CF85DE40E2E}.Debug|x64.ActiveCfg = Debug|Any CPU
		{1D6BC4EB-D834-465A-9F93-9CF85DE40E2E}.Debug|x64.Build.0 = Debug|Any CPU
		{1D6BC4EB-D834-465A-9F93-9CF85DE40E2E}.Debug|x86.ActiveCfg = Debug|Any CPU
		{1D6BC4EB-D834-465A-9F93-9CF85DE40E2E}.Debug|x86.Build.0 = Debug|Any CPU
		{1D6BC4EB-D834-465A-9F93-9CF85DE40E2E}.Release|Any CPU.ActiveCfg = Release|Any CPU
		{1D6BC4EB-D834-465A-9F93-9CF85DE40E2E}.Release|Any CPU.Build.0 = Release|Any CPU
		{1D6BC4EB-D834-465A-9F93-9CF85DE40E2E}.Release|ARM.ActiveCfg = Release|Any CPU
		{1D6BC4EB-D834-465A-9F93-9CF85DE40E2E}.Release|ARM.Build.0 = Release|Any CPU
		{1D6BC4EB-D834-465A-9F93-9CF85DE40E2E}.Release|ARM64.ActiveCfg = Release|Any CPU
		{1D6BC4EB-D834-465A-9F93-9CF85DE40E2E}.Release|ARM64.Build.0 = Release|Any CPU
		{1D6BC4EB-D834-465A-9F93-9CF85DE40E2E}.Release|x64.ActiveCfg = Release|Any CPU
		{1D6BC4EB-D834-465A-9F93-9CF85DE40E2E}.Release|x64.Build.0 = Release|Any CPU
		{1D6BC4EB-D834-465A-9F93-9CF85DE40E2E}.Release|x86.ActiveCfg = Release|Any CPU
		{1D6BC4EB-D834-465A-9F93-9CF85DE40E2E}.Release|x86.Build.0 = Release|Any CPU
		{9D2C30D9-FEC6-4EBF-A078-A3ABC7CB9F87}.Debug|Any CPU.ActiveCfg = Debug|Any CPU
		{9D2C30D9-FEC6-4EBF-A078-A3ABC7CB9F87}.Debug|Any CPU.Build.0 = Debug|Any CPU
		{9D2C30D9-FEC6-4EBF-A078-A3ABC7CB9F87}.Debug|ARM.ActiveCfg = Debug|Any CPU
		{9D2C30D9-FEC6-4EBF-A078-A3ABC7CB9F87}.Debug|ARM.Build.0 = Debug|Any CPU
		{9D2C30D9-FEC6-4EBF-A078-A3ABC7CB9F87}.Debug|ARM64.ActiveCfg = Debug|Any CPU
		{9D2C30D9-FEC6-4EBF-A078-A3ABC7CB9F87}.Debug|ARM64.Build.0 = Debug|Any CPU
		{9D2C30D9-FEC6-4EBF-A078-A3ABC7CB9F87}.Debug|x64.ActiveCfg = Debug|Any CPU
		{9D2C30D9-FEC6-4EBF-A078-A3ABC7CB9F87}.Debug|x64.Build.0 = Debug|Any CPU
		{9D2C30D9-FEC6-4EBF-A078-A3ABC7CB9F87}.Debug|x86.ActiveCfg = Debug|Any CPU
		{9D2C30D9-FEC6-4EBF-A078-A3ABC7CB9F87}.Debug|x86.Build.0 = Debug|Any CPU
		{9D2C30D9-FEC6-4EBF-A078-A3ABC7CB9F87}.Release|Any CPU.ActiveCfg = Release|Any CPU
		{9D2C30D9-FEC6-4EBF-A078-A3ABC7CB9F87}.Release|Any CPU.Build.0 = Release|Any CPU
		{9D2C30D9-FEC6-4EBF-A078-A3ABC7CB9F87}.Release|ARM.ActiveCfg = Release|Any CPU
		{9D2C30D9-FEC6-4EBF-A078-A3ABC7CB9F87}.Release|ARM.Build.0 = Release|Any CPU
		{9D2C30D9-FEC6-4EBF-A078-A3ABC7CB9F87}.Release|ARM64.ActiveCfg = Release|Any CPU
		{9D2C30D9-FEC6-4EBF-A078-A3ABC7CB9F87}.Release|ARM64.Build.0 = Release|Any CPU
		{9D2C30D9-FEC6-4EBF-A078-A3ABC7CB9F87}.Release|x64.ActiveCfg = Release|Any CPU
		{9D2C30D9-FEC6-4EBF-A078-A3ABC7CB9F87}.Release|x64.Build.0 = Release|Any CPU
		{9D2C30D9-FEC6-4EBF-A078-A3ABC7CB9F87}.Release|x86.ActiveCfg = Release|Any CPU
		{9D2C30D9-FEC6-4EBF-A078-A3ABC7CB9F87}.Release|x86.Build.0 = Release|Any CPU
		{32CA8BB5-62A9-440D-8D52-298F81283891}.Debug|Any CPU.ActiveCfg = Debug|Any CPU
		{32CA8BB5-62A9-440D-8D52-298F81283891}.Debug|Any CPU.Build.0 = Debug|Any CPU
		{32CA8BB5-62A9-440D-8D52-298F81283891}.Debug|ARM.ActiveCfg = Debug|Any CPU
		{32CA8BB5-62A9-440D-8D52-298F81283891}.Debug|ARM.Build.0 = Debug|Any CPU
		{32CA8BB5-62A9-440D-8D52-298F81283891}.Debug|ARM64.ActiveCfg = Debug|Any CPU
		{32CA8BB5-62A9-440D-8D52-298F81283891}.Debug|ARM64.Build.0 = Debug|Any CPU
		{32CA8BB5-62A9-440D-8D52-298F81283891}.Debug|x64.ActiveCfg = Debug|Any CPU
		{32CA8BB5-62A9-440D-8D52-298F81283891}.Debug|x64.Build.0 = Debug|Any CPU
		{32CA8BB5-62A9-440D-8D52-298F81283891}.Debug|x86.ActiveCfg = Debug|Any CPU
		{32CA8BB5-62A9-440D-8D52-298F81283891}.Debug|x86.Build.0 = Debug|Any CPU
		{32CA8BB5-62A9-440D-8D52-298F81283891}.Release|Any CPU.ActiveCfg = Release|Any CPU
		{32CA8BB5-62A9-440D-8D52-298F81283891}.Release|Any CPU.Build.0 = Release|Any CPU
		{32CA8BB5-62A9-440D-8D52-298F81283891}.Release|ARM.ActiveCfg = Release|Any CPU
		{32CA8BB5-62A9-440D-8D52-298F81283891}.Release|ARM.Build.0 = Release|Any CPU
		{32CA8BB5-62A9-440D-8D52-298F81283891}.Release|ARM64.ActiveCfg = Release|Any CPU
		{32CA8BB5-62A9-440D-8D52-298F81283891}.Release|ARM64.Build.0 = Release|Any CPU
		{32CA8BB5-62A9-440D-8D52-298F81283891}.Release|x64.ActiveCfg = Release|Any CPU
		{32CA8BB5-62A9-440D-8D52-298F81283891}.Release|x64.Build.0 = Release|Any CPU
		{32CA8BB5-62A9-440D-8D52-298F81283891}.Release|x86.ActiveCfg = Release|Any CPU
		{32CA8BB5-62A9-440D-8D52-298F81283891}.Release|x86.Build.0 = Release|Any CPU
	EndGlobalSection
	GlobalSection(SolutionProperties) = preSolution
		HideSolutionNode = FALSE
	EndGlobalSection
	GlobalSection(NestedProjects) = preSolution
		{894D1A55-9212-4C04-AAD7-A6621549594D} = {80810F3A-2779-482A-97D7-152D792DEBA0}
		{C19D61FF-4B43-4FE4-89CB-BBED1A9FDA4A} = {80810F3A-2779-482A-97D7-152D792DEBA0}
		{D1455165-FCA1-4C89-8FCE-33553AC060DD} = {80810F3A-2779-482A-97D7-152D792DEBA0}
		{9DB0B70C-E5F0-4E7E-B3E7-2C6E6D9E49DA} = {A849398A-5600-4A72-B3B0-7E4A188629B7}
		{04963A60-6721-4057-B3AE-2D97D025D127} = {80810F3A-2779-482A-97D7-152D792DEBA0}
		{AEC9444C-B8D6-468E-AF62-2E68C77321AC} = {A849398A-5600-4A72-B3B0-7E4A188629B7}
		{9E3276F7-EDD1-4BDA-B2EF-0B77C7CAF895} = {E47234EE-606A-4CA7-B825-2A62305E20A7}
		{847FE59E-FC20-4B54-B512-3225EE11497D} = {80810F3A-2779-482A-97D7-152D792DEBA0}
		{80810F3A-2779-482A-97D7-152D792DEBA0} = {27288A55-6761-4412-B2A5-EFAF635C4A30}
		{722C4DAB-FADC-4869-9FB2-42553FBA5759} = {27288A55-6761-4412-B2A5-EFAF635C4A30}
		{5E9087A6-702A-47CA-853A-08DAA9ECE8B1} = {722C4DAB-FADC-4869-9FB2-42553FBA5759}
		{52BC2634-A8DB-4AE3-97B2-ED35C7D89DF2} = {722C4DAB-FADC-4869-9FB2-42553FBA5759}
		{7CCE1AD3-75EE-446E-B2C0-91EAF78A88F7} = {1125698C-691D-4BCD-AA32-4B4344BF152C}
		{DD739A98-4650-482E-8BA6-256150FC95DD} = {80810F3A-2779-482A-97D7-152D792DEBA0}
		{AE2FE15F-BE87-4AF9-A54D-EF50BAB4B91C} = {E47234EE-606A-4CA7-B825-2A62305E20A7}
		{3BAC6A96-B6AC-41E9-BB38-C6AA3D392B75} = {DD739A98-4650-482E-8BA6-256150FC95DD}
		{5A37B7AD-AC37-4486-9BF6-9845C110ACE5} = {3BAC6A96-B6AC-41E9-BB38-C6AA3D392B75}
		{7E093C92-34E3-4405-AE5D-9ABEA68C8455} = {3BAC6A96-B6AC-41E9-BB38-C6AA3D392B75}
		{64E677BB-4DAD-4BC5-9EE8-ED985D82C8A6} = {E47234EE-606A-4CA7-B825-2A62305E20A7}
		{8C31E189-98FF-4621-8651-D963E6356966} = {1125698C-691D-4BCD-AA32-4B4344BF152C}
		{1125698C-691D-4BCD-AA32-4B4344BF152C} = {DD739A98-4650-482E-8BA6-256150FC95DD}
		{BAA35940-293F-4C67-B8A9-3058D718D345} = {80810F3A-2779-482A-97D7-152D792DEBA0}
		{8C52209C-057E-4EF6-9126-E140A6B1F934} = {BAA35940-293F-4C67-B8A9-3058D718D345}
		{1D6BC4EB-D834-465A-9F93-9CF85DE40E2E} = {E47234EE-606A-4CA7-B825-2A62305E20A7}
		{9D2C30D9-FEC6-4EBF-A078-A3ABC7CB9F87} = {BAA35940-293F-4C67-B8A9-3058D718D345}
		{32CA8BB5-62A9-440D-8D52-298F81283891} = {80810F3A-2779-482A-97D7-152D792DEBA0}
	EndGlobalSection
	GlobalSection(ExtensibilityGlobals) = postSolution
		SolutionGuid = {E98F1454-9008-4490-9766-CA7CB4BD2A30}
	EndGlobalSection
EndGlobal
