
Microsoft Visual Studio Solution File, Format Version 12.00
# Visual Studio Version 16
VisualStudioVersion = 16.0.28803.202
MinimumVisualStudioVersion = 10.0.40219.1
Project("{2150E333-8FDC-42A3-9474-1A3956D46DE8}") = "src", "src", "{27288A55-6761-4412-B2A5-EFAF635C4A30}"
EndProject
Project("{9A19103F-16F7-4668-BE54-9A1E7A4F7556}") = "Tello.Controller", "Tello.Controller\Tello.Controller.csproj", "{C19D61FF-4B43-4FE4-89CB-BBED1A9FDA4A}"
EndProject
Project("{9A19103F-16F7-4668-BE54-9A1E7A4F7556}") = "Tello.SDKV2.Emulator", "Tello.Emulator.SDKV2\Tello.SDKV2.Emulator.csproj", "{D1455165-FCA1-4C89-8FCE-33553AC060DD}"
EndProject
Project("{2150E333-8FDC-42A3-9474-1A3956D46DE8}") = "nuspec", "nuspec", "{7DB42DF1-D03B-4CEC-AF7E-37481DE7BB87}"
	ProjectSection(SolutionItems) = preProject
		nuspec\Package.nuspec = nuspec\Package.nuspec
	EndProjectSection
EndProject
Project("{2150E333-8FDC-42A3-9474-1A3956D46DE8}") = "art", "art", "{8D543EDC-1029-47D5-BF58-46317E16E67B}"
	ProjectSection(SolutionItems) = preProject
		..\art\drone.png = ..\art\drone.png
		..\art\drone.svg = ..\art\drone.svg
	EndProjectSection
EndProject
Project("{2150E333-8FDC-42A3-9474-1A3956D46DE8}") = "samples", "samples", "{A849398A-5600-4A72-B3B0-7E4A188629B7}"
EndProject
Project("{2150E333-8FDC-42A3-9474-1A3956D46DE8}") = "scripts", "scripts", "{623C1565-EF2D-4C99-9009-B81B3E1CBAD8}"
	ProjectSection(SolutionItems) = preProject
		..\scripts\PackNPush_Local_Debug.ps1 = ..\scripts\PackNPush_Local_Debug.ps1
		..\scripts\PackNPush_Local_Release.ps1 = ..\scripts\PackNPush_Local_Release.ps1
		..\scripts\PackNPush_NugetOrg.ps1 = ..\scripts\PackNPush_NugetOrg.ps1
		..\scripts\PackNPushAll.ps1 = ..\scripts\PackNPushAll.ps1
	EndProjectSection
EndProject
Project("{2150E333-8FDC-42A3-9474-1A3956D46DE8}") = "tests", "tests", "{E47234EE-606A-4CA7-B825-2A62305E20A7}"
EndProject
Project("{9A19103F-16F7-4668-BE54-9A1E7A4F7556}") = "Tello.Scripting", "Tello.Scripting\Tello.Scripting.csproj", "{847FE59E-FC20-4B54-B512-3225EE11497D}"
EndProject
Project("{2150E333-8FDC-42A3-9474-1A3956D46DE8}") = "libs", "libs", "{80810F3A-2779-482A-97D7-152D792DEBA0}"
EndProject
Project("{2150E333-8FDC-42A3-9474-1A3956D46DE8}") = "apps", "apps", "{722C4DAB-FADC-4869-9FB2-42553FBA5759}"
EndProject
Project("{2150E333-8FDC-42A3-9474-1A3956D46DE8}") = "root", "root", "{0277BA8E-9F79-4B28-B1B2-227B5DA529D2}"
	ProjectSection(SolutionItems) = preProject
		..\.gitignore = ..\.gitignore
		..\CODE_OF_CONDUCT.md = ..\CODE_OF_CONDUCT.md
		..\LICENSE = ..\LICENSE
		..\README.md = ..\README.md
		..\Tello SDK 2.0 User Guide.pdf = ..\Tello SDK 2.0 User Guide.pdf
	EndProjectSection
EndProject
Project("{9A19103F-16F7-4668-BE54-9A1E7A4F7556}") = "Tello.App", "Tello.App\Tello.App.csproj", "{5E9087A6-702A-47CA-853A-08DAA9ECE8B1}"
EndProject
Project("{FAE04EC0-301F-11D3-BF4B-00C04F79EFBC}") = "Tello.App.UWP", "Tello.App.UWP\Tello.App.UWP.csproj", "{52BC2634-A8DB-4AE3-97B2-ED35C7D89DF2}"
EndProject
Project("{2150E333-8FDC-42A3-9474-1A3956D46DE8}") = "design", "design", "{2BF948F2-156B-4665-ADF8-3FA296FBD02A}"
	ProjectSection(SolutionItems) = preProject
		..\design\TelloFlightControllerUI.bmpr = ..\design\TelloFlightControllerUI.bmpr
		..\design\TelloFlightControllerUI.pdf = ..\design\TelloFlightControllerUI.pdf
	EndProjectSection
EndProject
Project("{9A19103F-16F7-4668-BE54-9A1E7A4F7556}") = "Repository", "Repository\Repository.csproj", "{7CCE1AD3-75EE-446E-B2C0-91EAF78A88F7}"
EndProject
Project("{2150E333-8FDC-42A3-9474-1A3956D46DE8}") = "Storage", "Storage", "{DD739A98-4650-482E-8BA6-256150FC95DD}"
EndProject
Project("{9A19103F-16F7-4668-BE54-9A1E7A4F7556}") = "Repository.Sqlite", "Repository.Sqlite\Repository.Sqlite.csproj", "{8C31E189-98FF-4621-8651-D963E6356966}"
EndProject
Project("{2150E333-8FDC-42A3-9474-1A3956D46DE8}") = "Messaging", "Messaging", "{BAA35940-293F-4C67-B8A9-3058D718D345}"
EndProject
Project("{9A19103F-16F7-4668-BE54-9A1E7A4F7556}") = "Messenger", "Messenger\Messenger.csproj", "{8C52209C-057E-4EF6-9126-E140A6B1F934}"
EndProject
Project("{9A19103F-16F7-4668-BE54-9A1E7A4F7556}") = "Messenger.Udp", "Messenger.Udp\Messenger.Udp.csproj", "{9D2C30D9-FEC6-4EBF-A078-A3ABC7CB9F87}"
EndProject
Project("{9A19103F-16F7-4668-BE54-9A1E7A4F7556}") = "Tello", "Tello\Tello.csproj", "{32CA8BB5-62A9-440D-8D52-298F81283891}"
EndProject
Project("{2150E333-8FDC-42A3-9474-1A3956D46DE8}") = "Tello", "Tello", "{68800B89-89E6-4482-B5B6-A8DA3B7FF8B1}"
EndProject
Project("{2150E333-8FDC-42A3-9474-1A3956D46DE8}") = "nuget", "nuget", "{73B4485E-562D-4993-996B-3FF97F308506}"
EndProject
Project("{9A19103F-16F7-4668-BE54-9A1E7A4F7556}") = "Messenger.Tello", "Messenger.Tello\Messenger.Tello.csproj", "{71F2D494-86F9-4711-A30F-450E0DACEA38}"
EndProject
Project("{9A19103F-16F7-4668-BE54-9A1E7A4F7556}") = "Tello.SDKV2.Udp.Demo", "Tello.SDKV2.Udp.Demo\Tello.SDKV2.Udp.Demo.csproj", "{F8105FD4-4057-4402-A627-BFFFBAAACBCD}"
EndProject
Project("{9A19103F-16F7-4668-BE54-9A1E7A4F7556}") = "Tello.SDKV2.Emulator.Demo", "Tello.SDKV2.Emulator.Demo\Tello.SDKV2.Emulator.Demo.csproj", "{A16F7550-959A-4667-B84C-8171AF1883C6}"
EndProject
Project("{9A19103F-16F7-4668-BE54-9A1E7A4F7556}") = "Messenger.Test", "..\tests\Messenger.Test\Messenger.Test.csproj", "{17E76362-A2AB-4248-8CAE-914B79DB52B8}"
EndProject
Project("{9A19103F-16F7-4668-BE54-9A1E7A4F7556}") = "Repository.Sqlite.Test", "..\tests\Repository.Sqlite.Test\Repository.Sqlite.Test.csproj", "{E42C86E6-7FCC-46AC-BCAD-8F2D3B5CC641}"
EndProject
Project("{9A19103F-16F7-4668-BE54-9A1E7A4F7556}") = "Tello.Controller.Test", "..\tests\Tello.Conrtoller.Test\Tello.Controller.Test.csproj", "{90B3F84B-196A-4391-9C7A-F3D0DA050F95}"
EndProject
Project("{9A19103F-16F7-4668-BE54-9A1E7A4F7556}") = "Tello.Observations.Sqlite.Test", "..\tests\Tello.Observations.Sqlite.Test\Tello.Observations.Sqlite.Test.csproj", "{BCBFE0AC-F29B-4245-AAA6-705EA483758D}"
EndProject
Project("{9A19103F-16F7-4668-BE54-9A1E7A4F7556}") = "Tello.Entities", "Tello.Entities\Tello.Entities.csproj", "{E601653F-C086-45C9-9EF9-3F6570B744A2}"
EndProject
Project("{9A19103F-16F7-4668-BE54-9A1E7A4F7556}") = "Tello.Entities.Sqlite", "Tello.Entities.Sqlite\Tello.Entities.Sqlite.csproj", "{48B45D28-0FF0-48E8-AB86-553335765DFF}"
EndProject
Project("{9A19103F-16F7-4668-BE54-9A1E7A4F7556}") = "Tello.Test", "..\tests\Tello.Test\Tello.Test.csproj", "{00D57A9B-357F-431C-BF19-1FF59754DE76}"
EndProject
Project("{FAE04EC0-301F-11D3-BF4B-00C04F79EFBC}") = "Messenger.Simulator", "Messenger.Simulator\Messenger.Simulator.csproj", "{6C783138-2976-4603-A617-06E38BF008DE}"
EndProject
Project("{FAE04EC0-301F-11D3-BF4B-00C04F79EFBC}") = "Tello.Simulator", "Tello.Simulator\Tello.Simulator.csproj", "{08529A27-A168-4E98-92E0-3E989C12F377}"
EndProject
Global
	GlobalSection(SolutionConfigurationPlatforms) = preSolution
		Debug|Any CPU = Debug|Any CPU
		Debug|ARM = Debug|ARM
		Debug|ARM64 = Debug|ARM64
		Debug|x64 = Debug|x64
		Debug|x86 = Debug|x86
		Release|Any CPU = Release|Any CPU
		Release|ARM = Release|ARM
		Release|ARM64 = Release|ARM64
		Release|x64 = Release|x64
		Release|x86 = Release|x86
	EndGlobalSection
	GlobalSection(ProjectConfigurationPlatforms) = postSolution
		{C19D61FF-4B43-4FE4-89CB-BBED1A9FDA4A}.Debug|Any CPU.ActiveCfg = Debug|Any CPU
		{C19D61FF-4B43-4FE4-89CB-BBED1A9FDA4A}.Debug|Any CPU.Build.0 = Debug|Any CPU
		{C19D61FF-4B43-4FE4-89CB-BBED1A9FDA4A}.Debug|ARM.ActiveCfg = Debug|Any CPU
		{C19D61FF-4B43-4FE4-89CB-BBED1A9FDA4A}.Debug|ARM.Build.0 = Debug|Any CPU
		{C19D61FF-4B43-4FE4-89CB-BBED1A9FDA4A}.Debug|ARM64.ActiveCfg = Debug|Any CPU
		{C19D61FF-4B43-4FE4-89CB-BBED1A9FDA4A}.Debug|ARM64.Build.0 = Debug|Any CPU
		{C19D61FF-4B43-4FE4-89CB-BBED1A9FDA4A}.Debug|x64.ActiveCfg = Debug|Any CPU
		{C19D61FF-4B43-4FE4-89CB-BBED1A9FDA4A}.Debug|x64.Build.0 = Debug|Any CPU
		{C19D61FF-4B43-4FE4-89CB-BBED1A9FDA4A}.Debug|x86.ActiveCfg = Debug|Any CPU
		{C19D61FF-4B43-4FE4-89CB-BBED1A9FDA4A}.Debug|x86.Build.0 = Debug|Any CPU
		{C19D61FF-4B43-4FE4-89CB-BBED1A9FDA4A}.Release|Any CPU.ActiveCfg = Release|Any CPU
		{C19D61FF-4B43-4FE4-89CB-BBED1A9FDA4A}.Release|Any CPU.Build.0 = Release|Any CPU
		{C19D61FF-4B43-4FE4-89CB-BBED1A9FDA4A}.Release|ARM.ActiveCfg = Release|Any CPU
		{C19D61FF-4B43-4FE4-89CB-BBED1A9FDA4A}.Release|ARM.Build.0 = Release|Any CPU
		{C19D61FF-4B43-4FE4-89CB-BBED1A9FDA4A}.Release|ARM64.ActiveCfg = Release|Any CPU
		{C19D61FF-4B43-4FE4-89CB-BBED1A9FDA4A}.Release|ARM64.Build.0 = Release|Any CPU
		{C19D61FF-4B43-4FE4-89CB-BBED1A9FDA4A}.Release|x64.ActiveCfg = Release|Any CPU
		{C19D61FF-4B43-4FE4-89CB-BBED1A9FDA4A}.Release|x64.Build.0 = Release|Any CPU
		{C19D61FF-4B43-4FE4-89CB-BBED1A9FDA4A}.Release|x86.ActiveCfg = Release|Any CPU
		{C19D61FF-4B43-4FE4-89CB-BBED1A9FDA4A}.Release|x86.Build.0 = Release|Any CPU
		{D1455165-FCA1-4C89-8FCE-33553AC060DD}.Debug|Any CPU.ActiveCfg = Debug|Any CPU
		{D1455165-FCA1-4C89-8FCE-33553AC060DD}.Debug|Any CPU.Build.0 = Debug|Any CPU
		{D1455165-FCA1-4C89-8FCE-33553AC060DD}.Debug|ARM.ActiveCfg = Debug|Any CPU
		{D1455165-FCA1-4C89-8FCE-33553AC060DD}.Debug|ARM.Build.0 = Debug|Any CPU
		{D1455165-FCA1-4C89-8FCE-33553AC060DD}.Debug|ARM64.ActiveCfg = Debug|Any CPU
		{D1455165-FCA1-4C89-8FCE-33553AC060DD}.Debug|ARM64.Build.0 = Debug|Any CPU
		{D1455165-FCA1-4C89-8FCE-33553AC060DD}.Debug|x64.ActiveCfg = Debug|Any CPU
		{D1455165-FCA1-4C89-8FCE-33553AC060DD}.Debug|x64.Build.0 = Debug|Any CPU
		{D1455165-FCA1-4C89-8FCE-33553AC060DD}.Debug|x86.ActiveCfg = Debug|Any CPU
		{D1455165-FCA1-4C89-8FCE-33553AC060DD}.Debug|x86.Build.0 = Debug|Any CPU
		{D1455165-FCA1-4C89-8FCE-33553AC060DD}.Release|Any CPU.ActiveCfg = Release|Any CPU
		{D1455165-FCA1-4C89-8FCE-33553AC060DD}.Release|Any CPU.Build.0 = Release|Any CPU
		{D1455165-FCA1-4C89-8FCE-33553AC060DD}.Release|ARM.ActiveCfg = Release|Any CPU
		{D1455165-FCA1-4C89-8FCE-33553AC060DD}.Release|ARM.Build.0 = Release|Any CPU
		{D1455165-FCA1-4C89-8FCE-33553AC060DD}.Release|ARM64.ActiveCfg = Release|Any CPU
		{D1455165-FCA1-4C89-8FCE-33553AC060DD}.Release|ARM64.Build.0 = Release|Any CPU
		{D1455165-FCA1-4C89-8FCE-33553AC060DD}.Release|x64.ActiveCfg = Release|Any CPU
		{D1455165-FCA1-4C89-8FCE-33553AC060DD}.Release|x64.Build.0 = Release|Any CPU
		{D1455165-FCA1-4C89-8FCE-33553AC060DD}.Release|x86.ActiveCfg = Release|Any CPU
		{D1455165-FCA1-4C89-8FCE-33553AC060DD}.Release|x86.Build.0 = Release|Any CPU
		{847FE59E-FC20-4B54-B512-3225EE11497D}.Debug|Any CPU.ActiveCfg = Debug|Any CPU
		{847FE59E-FC20-4B54-B512-3225EE11497D}.Debug|Any CPU.Build.0 = Debug|Any CPU
		{847FE59E-FC20-4B54-B512-3225EE11497D}.Debug|ARM.ActiveCfg = Debug|Any CPU
		{847FE59E-FC20-4B54-B512-3225EE11497D}.Debug|ARM.Build.0 = Debug|Any CPU
		{847FE59E-FC20-4B54-B512-3225EE11497D}.Debug|ARM64.ActiveCfg = Debug|Any CPU
		{847FE59E-FC20-4B54-B512-3225EE11497D}.Debug|ARM64.Build.0 = Debug|Any CPU
		{847FE59E-FC20-4B54-B512-3225EE11497D}.Debug|x64.ActiveCfg = Debug|Any CPU
		{847FE59E-FC20-4B54-B512-3225EE11497D}.Debug|x64.Build.0 = Debug|Any CPU
		{847FE59E-FC20-4B54-B512-3225EE11497D}.Debug|x86.ActiveCfg = Debug|Any CPU
		{847FE59E-FC20-4B54-B512-3225EE11497D}.Debug|x86.Build.0 = Debug|Any CPU
		{847FE59E-FC20-4B54-B512-3225EE11497D}.Release|Any CPU.ActiveCfg = Release|Any CPU
		{847FE59E-FC20-4B54-B512-3225EE11497D}.Release|Any CPU.Build.0 = Release|Any CPU
		{847FE59E-FC20-4B54-B512-3225EE11497D}.Release|ARM.ActiveCfg = Release|Any CPU
		{847FE59E-FC20-4B54-B512-3225EE11497D}.Release|ARM.Build.0 = Release|Any CPU
		{847FE59E-FC20-4B54-B512-3225EE11497D}.Release|ARM64.ActiveCfg = Release|Any CPU
		{847FE59E-FC20-4B54-B512-3225EE11497D}.Release|ARM64.Build.0 = Release|Any CPU
		{847FE59E-FC20-4B54-B512-3225EE11497D}.Release|x64.ActiveCfg = Release|Any CPU
		{847FE59E-FC20-4B54-B512-3225EE11497D}.Release|x64.Build.0 = Release|Any CPU
		{847FE59E-FC20-4B54-B512-3225EE11497D}.Release|x86.ActiveCfg = Release|Any CPU
		{847FE59E-FC20-4B54-B512-3225EE11497D}.Release|x86.Build.0 = Release|Any CPU
		{5E9087A6-702A-47CA-853A-08DAA9ECE8B1}.Debug|Any CPU.ActiveCfg = Debug|Any CPU
		{5E9087A6-702A-47CA-853A-08DAA9ECE8B1}.Debug|Any CPU.Build.0 = Debug|Any CPU
		{5E9087A6-702A-47CA-853A-08DAA9ECE8B1}.Debug|ARM.ActiveCfg = Debug|Any CPU
		{5E9087A6-702A-47CA-853A-08DAA9ECE8B1}.Debug|ARM.Build.0 = Debug|Any CPU
		{5E9087A6-702A-47CA-853A-08DAA9ECE8B1}.Debug|ARM64.ActiveCfg = Debug|Any CPU
		{5E9087A6-702A-47CA-853A-08DAA9ECE8B1}.Debug|ARM64.Build.0 = Debug|Any CPU
		{5E9087A6-702A-47CA-853A-08DAA9ECE8B1}.Debug|x64.ActiveCfg = Debug|Any CPU
		{5E9087A6-702A-47CA-853A-08DAA9ECE8B1}.Debug|x64.Build.0 = Debug|Any CPU
		{5E9087A6-702A-47CA-853A-08DAA9ECE8B1}.Debug|x86.ActiveCfg = Debug|Any CPU
		{5E9087A6-702A-47CA-853A-08DAA9ECE8B1}.Debug|x86.Build.0 = Debug|Any CPU
		{5E9087A6-702A-47CA-853A-08DAA9ECE8B1}.Release|Any CPU.ActiveCfg = Release|Any CPU
		{5E9087A6-702A-47CA-853A-08DAA9ECE8B1}.Release|Any CPU.Build.0 = Release|Any CPU
		{5E9087A6-702A-47CA-853A-08DAA9ECE8B1}.Release|ARM.ActiveCfg = Release|Any CPU
		{5E9087A6-702A-47CA-853A-08DAA9ECE8B1}.Release|ARM.Build.0 = Release|Any CPU
		{5E9087A6-702A-47CA-853A-08DAA9ECE8B1}.Release|ARM64.ActiveCfg = Release|Any CPU
		{5E9087A6-702A-47CA-853A-08DAA9ECE8B1}.Release|ARM64.Build.0 = Release|Any CPU
		{5E9087A6-702A-47CA-853A-08DAA9ECE8B1}.Release|x64.ActiveCfg = Release|Any CPU
		{5E9087A6-702A-47CA-853A-08DAA9ECE8B1}.Release|x64.Build.0 = Release|Any CPU
		{5E9087A6-702A-47CA-853A-08DAA9ECE8B1}.Release|x86.ActiveCfg = Release|Any CPU
		{5E9087A6-702A-47CA-853A-08DAA9ECE8B1}.Release|x86.Build.0 = Release|Any CPU
		{52BC2634-A8DB-4AE3-97B2-ED35C7D89DF2}.Debug|Any CPU.ActiveCfg = Debug|x86
		{52BC2634-A8DB-4AE3-97B2-ED35C7D89DF2}.Debug|Any CPU.Build.0 = Debug|x86
		{52BC2634-A8DB-4AE3-97B2-ED35C7D89DF2}.Debug|Any CPU.Deploy.0 = Debug|x86
		{52BC2634-A8DB-4AE3-97B2-ED35C7D89DF2}.Debug|ARM.ActiveCfg = Debug|ARM
		{52BC2634-A8DB-4AE3-97B2-ED35C7D89DF2}.Debug|ARM.Build.0 = Debug|ARM
		{52BC2634-A8DB-4AE3-97B2-ED35C7D89DF2}.Debug|ARM.Deploy.0 = Debug|ARM
		{52BC2634-A8DB-4AE3-97B2-ED35C7D89DF2}.Debug|ARM64.ActiveCfg = Debug|ARM64
		{52BC2634-A8DB-4AE3-97B2-ED35C7D89DF2}.Debug|ARM64.Build.0 = Debug|ARM64
		{52BC2634-A8DB-4AE3-97B2-ED35C7D89DF2}.Debug|ARM64.Deploy.0 = Debug|ARM64
		{52BC2634-A8DB-4AE3-97B2-ED35C7D89DF2}.Debug|x64.ActiveCfg = Debug|x64
		{52BC2634-A8DB-4AE3-97B2-ED35C7D89DF2}.Debug|x64.Build.0 = Debug|x64
		{52BC2634-A8DB-4AE3-97B2-ED35C7D89DF2}.Debug|x64.Deploy.0 = Debug|x64
		{52BC2634-A8DB-4AE3-97B2-ED35C7D89DF2}.Debug|x86.ActiveCfg = Debug|x86
		{52BC2634-A8DB-4AE3-97B2-ED35C7D89DF2}.Debug|x86.Build.0 = Debug|x86
		{52BC2634-A8DB-4AE3-97B2-ED35C7D89DF2}.Debug|x86.Deploy.0 = Debug|x86
		{52BC2634-A8DB-4AE3-97B2-ED35C7D89DF2}.Release|Any CPU.ActiveCfg = Release|x86
		{52BC2634-A8DB-4AE3-97B2-ED35C7D89DF2}.Release|ARM.ActiveCfg = Release|ARM
		{52BC2634-A8DB-4AE3-97B2-ED35C7D89DF2}.Release|ARM.Build.0 = Release|ARM
		{52BC2634-A8DB-4AE3-97B2-ED35C7D89DF2}.Release|ARM.Deploy.0 = Release|ARM
		{52BC2634-A8DB-4AE3-97B2-ED35C7D89DF2}.Release|ARM64.ActiveCfg = Release|ARM64
		{52BC2634-A8DB-4AE3-97B2-ED35C7D89DF2}.Release|ARM64.Build.0 = Release|ARM64
		{52BC2634-A8DB-4AE3-97B2-ED35C7D89DF2}.Release|ARM64.Deploy.0 = Release|ARM64
		{52BC2634-A8DB-4AE3-97B2-ED35C7D89DF2}.Release|x64.ActiveCfg = Release|x64
		{52BC2634-A8DB-4AE3-97B2-ED35C7D89DF2}.Release|x64.Build.0 = Release|x64
		{52BC2634-A8DB-4AE3-97B2-ED35C7D89DF2}.Release|x64.Deploy.0 = Release|x64
		{52BC2634-A8DB-4AE3-97B2-ED35C7D89DF2}.Release|x86.ActiveCfg = Release|x86
		{52BC2634-A8DB-4AE3-97B2-ED35C7D89DF2}.Release|x86.Build.0 = Release|x86
		{52BC2634-A8DB-4AE3-97B2-ED35C7D89DF2}.Release|x86.Deploy.0 = Release|x86
		{7CCE1AD3-75EE-446E-B2C0-91EAF78A88F7}.Debug|Any CPU.ActiveCfg = Debug|Any CPU
		{7CCE1AD3-75EE-446E-B2C0-91EAF78A88F7}.Debug|Any CPU.Build.0 = Debug|Any CPU
		{7CCE1AD3-75EE-446E-B2C0-91EAF78A88F7}.Debug|ARM.ActiveCfg = Debug|Any CPU
		{7CCE1AD3-75EE-446E-B2C0-91EAF78A88F7}.Debug|ARM.Build.0 = Debug|Any CPU
		{7CCE1AD3-75EE-446E-B2C0-91EAF78A88F7}.Debug|ARM64.ActiveCfg = Debug|Any CPU
		{7CCE1AD3-75EE-446E-B2C0-91EAF78A88F7}.Debug|ARM64.Build.0 = Debug|Any CPU
		{7CCE1AD3-75EE-446E-B2C0-91EAF78A88F7}.Debug|x64.ActiveCfg = Debug|Any CPU
		{7CCE1AD3-75EE-446E-B2C0-91EAF78A88F7}.Debug|x64.Build.0 = Debug|Any CPU
		{7CCE1AD3-75EE-446E-B2C0-91EAF78A88F7}.Debug|x86.ActiveCfg = Debug|Any CPU
		{7CCE1AD3-75EE-446E-B2C0-91EAF78A88F7}.Debug|x86.Build.0 = Debug|Any CPU
		{7CCE1AD3-75EE-446E-B2C0-91EAF78A88F7}.Release|Any CPU.ActiveCfg = Release|Any CPU
		{7CCE1AD3-75EE-446E-B2C0-91EAF78A88F7}.Release|Any CPU.Build.0 = Release|Any CPU
		{7CCE1AD3-75EE-446E-B2C0-91EAF78A88F7}.Release|ARM.ActiveCfg = Release|Any CPU
		{7CCE1AD3-75EE-446E-B2C0-91EAF78A88F7}.Release|ARM.Build.0 = Release|Any CPU
		{7CCE1AD3-75EE-446E-B2C0-91EAF78A88F7}.Release|ARM64.ActiveCfg = Release|Any CPU
		{7CCE1AD3-75EE-446E-B2C0-91EAF78A88F7}.Release|ARM64.Build.0 = Release|Any CPU
		{7CCE1AD3-75EE-446E-B2C0-91EAF78A88F7}.Release|x64.ActiveCfg = Release|Any CPU
		{7CCE1AD3-75EE-446E-B2C0-91EAF78A88F7}.Release|x64.Build.0 = Release|Any CPU
		{7CCE1AD3-75EE-446E-B2C0-91EAF78A88F7}.Release|x86.ActiveCfg = Release|Any CPU
		{7CCE1AD3-75EE-446E-B2C0-91EAF78A88F7}.Release|x86.Build.0 = Release|Any CPU
		{8C31E189-98FF-4621-8651-D963E6356966}.Debug|Any CPU.ActiveCfg = Debug|Any CPU
		{8C31E189-98FF-4621-8651-D963E6356966}.Debug|Any CPU.Build.0 = Debug|Any CPU
		{8C31E189-98FF-4621-8651-D963E6356966}.Debug|ARM.ActiveCfg = Debug|Any CPU
		{8C31E189-98FF-4621-8651-D963E6356966}.Debug|ARM.Build.0 = Debug|Any CPU
		{8C31E189-98FF-4621-8651-D963E6356966}.Debug|ARM64.ActiveCfg = Debug|Any CPU
		{8C31E189-98FF-4621-8651-D963E6356966}.Debug|ARM64.Build.0 = Debug|Any CPU
		{8C31E189-98FF-4621-8651-D963E6356966}.Debug|x64.ActiveCfg = Debug|Any CPU
		{8C31E189-98FF-4621-8651-D963E6356966}.Debug|x64.Build.0 = Debug|Any CPU
		{8C31E189-98FF-4621-8651-D963E6356966}.Debug|x86.ActiveCfg = Debug|Any CPU
		{8C31E189-98FF-4621-8651-D963E6356966}.Debug|x86.Build.0 = Debug|Any CPU
		{8C31E189-98FF-4621-8651-D963E6356966}.Release|Any CPU.ActiveCfg = Release|Any CPU
		{8C31E189-98FF-4621-8651-D963E6356966}.Release|Any CPU.Build.0 = Release|Any CPU
		{8C31E189-98FF-4621-8651-D963E6356966}.Release|ARM.ActiveCfg = Release|Any CPU
		{8C31E189-98FF-4621-8651-D963E6356966}.Release|ARM.Build.0 = Release|Any CPU
		{8C31E189-98FF-4621-8651-D963E6356966}.Release|ARM64.ActiveCfg = Release|Any CPU
		{8C31E189-98FF-4621-8651-D963E6356966}.Release|ARM64.Build.0 = Release|Any CPU
		{8C31E189-98FF-4621-8651-D963E6356966}.Release|x64.ActiveCfg = Release|Any CPU
		{8C31E189-98FF-4621-8651-D963E6356966}.Release|x64.Build.0 = Release|Any CPU
		{8C31E189-98FF-4621-8651-D963E6356966}.Release|x86.ActiveCfg = Release|Any CPU
		{8C31E189-98FF-4621-8651-D963E6356966}.Release|x86.Build.0 = Release|Any CPU
		{8C52209C-057E-4EF6-9126-E140A6B1F934}.Debug|Any CPU.ActiveCfg = Debug|Any CPU
		{8C52209C-057E-4EF6-9126-E140A6B1F934}.Debug|Any CPU.Build.0 = Debug|Any CPU
		{8C52209C-057E-4EF6-9126-E140A6B1F934}.Debug|ARM.ActiveCfg = Debug|Any CPU
		{8C52209C-057E-4EF6-9126-E140A6B1F934}.Debug|ARM.Build.0 = Debug|Any CPU
		{8C52209C-057E-4EF6-9126-E140A6B1F934}.Debug|ARM64.ActiveCfg = Debug|Any CPU
		{8C52209C-057E-4EF6-9126-E140A6B1F934}.Debug|ARM64.Build.0 = Debug|Any CPU
		{8C52209C-057E-4EF6-9126-E140A6B1F934}.Debug|x64.ActiveCfg = Debug|Any CPU
		{8C52209C-057E-4EF6-9126-E140A6B1F934}.Debug|x64.Build.0 = Debug|Any CPU
		{8C52209C-057E-4EF6-9126-E140A6B1F934}.Debug|x86.ActiveCfg = Debug|Any CPU
		{8C52209C-057E-4EF6-9126-E140A6B1F934}.Debug|x86.Build.0 = Debug|Any CPU
		{8C52209C-057E-4EF6-9126-E140A6B1F934}.Release|Any CPU.ActiveCfg = Release|Any CPU
		{8C52209C-057E-4EF6-9126-E140A6B1F934}.Release|Any CPU.Build.0 = Release|Any CPU
		{8C52209C-057E-4EF6-9126-E140A6B1F934}.Release|ARM.ActiveCfg = Release|Any CPU
		{8C52209C-057E-4EF6-9126-E140A6B1F934}.Release|ARM.Build.0 = Release|Any CPU
		{8C52209C-057E-4EF6-9126-E140A6B1F934}.Release|ARM64.ActiveCfg = Release|Any CPU
		{8C52209C-057E-4EF6-9126-E140A6B1F934}.Release|ARM64.Build.0 = Release|Any CPU
		{8C52209C-057E-4EF6-9126-E140A6B1F934}.Release|x64.ActiveCfg = Release|Any CPU
		{8C52209C-057E-4EF6-9126-E140A6B1F934}.Release|x64.Build.0 = Release|Any CPU
		{8C52209C-057E-4EF6-9126-E140A6B1F934}.Release|x86.ActiveCfg = Release|Any CPU
		{8C52209C-057E-4EF6-9126-E140A6B1F934}.Release|x86.Build.0 = Release|Any CPU
		{9D2C30D9-FEC6-4EBF-A078-A3ABC7CB9F87}.Debug|Any CPU.ActiveCfg = Debug|Any CPU
		{9D2C30D9-FEC6-4EBF-A078-A3ABC7CB9F87}.Debug|Any CPU.Build.0 = Debug|Any CPU
		{9D2C30D9-FEC6-4EBF-A078-A3ABC7CB9F87}.Debug|ARM.ActiveCfg = Debug|Any CPU
		{9D2C30D9-FEC6-4EBF-A078-A3ABC7CB9F87}.Debug|ARM.Build.0 = Debug|Any CPU
		{9D2C30D9-FEC6-4EBF-A078-A3ABC7CB9F87}.Debug|ARM64.ActiveCfg = Debug|Any CPU
		{9D2C30D9-FEC6-4EBF-A078-A3ABC7CB9F87}.Debug|ARM64.Build.0 = Debug|Any CPU
		{9D2C30D9-FEC6-4EBF-A078-A3ABC7CB9F87}.Debug|x64.ActiveCfg = Debug|Any CPU
		{9D2C30D9-FEC6-4EBF-A078-A3ABC7CB9F87}.Debug|x64.Build.0 = Debug|Any CPU
		{9D2C30D9-FEC6-4EBF-A078-A3ABC7CB9F87}.Debug|x86.ActiveCfg = Debug|Any CPU
		{9D2C30D9-FEC6-4EBF-A078-A3ABC7CB9F87}.Debug|x86.Build.0 = Debug|Any CPU
		{9D2C30D9-FEC6-4EBF-A078-A3ABC7CB9F87}.Release|Any CPU.ActiveCfg = Release|Any CPU
		{9D2C30D9-FEC6-4EBF-A078-A3ABC7CB9F87}.Release|Any CPU.Build.0 = Release|Any CPU
		{9D2C30D9-FEC6-4EBF-A078-A3ABC7CB9F87}.Release|ARM.ActiveCfg = Release|Any CPU
		{9D2C30D9-FEC6-4EBF-A078-A3ABC7CB9F87}.Release|ARM.Build.0 = Release|Any CPU
		{9D2C30D9-FEC6-4EBF-A078-A3ABC7CB9F87}.Release|ARM64.ActiveCfg = Release|Any CPU
		{9D2C30D9-FEC6-4EBF-A078-A3ABC7CB9F87}.Release|ARM64.Build.0 = Release|Any CPU
		{9D2C30D9-FEC6-4EBF-A078-A3ABC7CB9F87}.Release|x64.ActiveCfg = Release|Any CPU
		{9D2C30D9-FEC6-4EBF-A078-A3ABC7CB9F87}.Release|x64.Build.0 = Release|Any CPU
		{9D2C30D9-FEC6-4EBF-A078-A3ABC7CB9F87}.Release|x86.ActiveCfg = Release|Any CPU
		{9D2C30D9-FEC6-4EBF-A078-A3ABC7CB9F87}.Release|x86.Build.0 = Release|Any CPU
		{32CA8BB5-62A9-440D-8D52-298F81283891}.Debug|Any CPU.ActiveCfg = Debug|Any CPU
		{32CA8BB5-62A9-440D-8D52-298F81283891}.Debug|Any CPU.Build.0 = Debug|Any CPU
		{32CA8BB5-62A9-440D-8D52-298F81283891}.Debug|ARM.ActiveCfg = Debug|Any CPU
		{32CA8BB5-62A9-440D-8D52-298F81283891}.Debug|ARM.Build.0 = Debug|Any CPU
		{32CA8BB5-62A9-440D-8D52-298F81283891}.Debug|ARM64.ActiveCfg = Debug|Any CPU
		{32CA8BB5-62A9-440D-8D52-298F81283891}.Debug|ARM64.Build.0 = Debug|Any CPU
		{32CA8BB5-62A9-440D-8D52-298F81283891}.Debug|x64.ActiveCfg = Debug|Any CPU
		{32CA8BB5-62A9-440D-8D52-298F81283891}.Debug|x64.Build.0 = Debug|Any CPU
		{32CA8BB5-62A9-440D-8D52-298F81283891}.Debug|x86.ActiveCfg = Debug|Any CPU
		{32CA8BB5-62A9-440D-8D52-298F81283891}.Debug|x86.Build.0 = Debug|Any CPU
		{32CA8BB5-62A9-440D-8D52-298F81283891}.Release|Any CPU.ActiveCfg = Release|Any CPU
		{32CA8BB5-62A9-440D-8D52-298F81283891}.Release|Any CPU.Build.0 = Release|Any CPU
		{32CA8BB5-62A9-440D-8D52-298F81283891}.Release|ARM.ActiveCfg = Release|Any CPU
		{32CA8BB5-62A9-440D-8D52-298F81283891}.Release|ARM.Build.0 = Release|Any CPU
		{32CA8BB5-62A9-440D-8D52-298F81283891}.Release|ARM64.ActiveCfg = Release|Any CPU
		{32CA8BB5-62A9-440D-8D52-298F81283891}.Release|ARM64.Build.0 = Release|Any CPU
		{32CA8BB5-62A9-440D-8D52-298F81283891}.Release|x64.ActiveCfg = Release|Any CPU
		{32CA8BB5-62A9-440D-8D52-298F81283891}.Release|x64.Build.0 = Release|Any CPU
		{32CA8BB5-62A9-440D-8D52-298F81283891}.Release|x86.ActiveCfg = Release|Any CPU
		{32CA8BB5-62A9-440D-8D52-298F81283891}.Release|x86.Build.0 = Release|Any CPU
		{71F2D494-86F9-4711-A30F-450E0DACEA38}.Debug|Any CPU.ActiveCfg = Debug|Any CPU
		{71F2D494-86F9-4711-A30F-450E0DACEA38}.Debug|Any CPU.Build.0 = Debug|Any CPU
		{71F2D494-86F9-4711-A30F-450E0DACEA38}.Debug|ARM.ActiveCfg = Debug|Any CPU
		{71F2D494-86F9-4711-A30F-450E0DACEA38}.Debug|ARM.Build.0 = Debug|Any CPU
		{71F2D494-86F9-4711-A30F-450E0DACEA38}.Debug|ARM64.ActiveCfg = Debug|Any CPU
		{71F2D494-86F9-4711-A30F-450E0DACEA38}.Debug|ARM64.Build.0 = Debug|Any CPU
		{71F2D494-86F9-4711-A30F-450E0DACEA38}.Debug|x64.ActiveCfg = Debug|Any CPU
		{71F2D494-86F9-4711-A30F-450E0DACEA38}.Debug|x64.Build.0 = Debug|Any CPU
		{71F2D494-86F9-4711-A30F-450E0DACEA38}.Debug|x86.ActiveCfg = Debug|Any CPU
		{71F2D494-86F9-4711-A30F-450E0DACEA38}.Debug|x86.Build.0 = Debug|Any CPU
		{71F2D494-86F9-4711-A30F-450E0DACEA38}.Release|Any CPU.ActiveCfg = Release|Any CPU
		{71F2D494-86F9-4711-A30F-450E0DACEA38}.Release|Any CPU.Build.0 = Release|Any CPU
		{71F2D494-86F9-4711-A30F-450E0DACEA38}.Release|ARM.ActiveCfg = Release|Any CPU
		{71F2D494-86F9-4711-A30F-450E0DACEA38}.Release|ARM.Build.0 = Release|Any CPU
		{71F2D494-86F9-4711-A30F-450E0DACEA38}.Release|ARM64.ActiveCfg = Release|Any CPU
		{71F2D494-86F9-4711-A30F-450E0DACEA38}.Release|ARM64.Build.0 = Release|Any CPU
		{71F2D494-86F9-4711-A30F-450E0DACEA38}.Release|x64.ActiveCfg = Release|Any CPU
		{71F2D494-86F9-4711-A30F-450E0DACEA38}.Release|x64.Build.0 = Release|Any CPU
		{71F2D494-86F9-4711-A30F-450E0DACEA38}.Release|x86.ActiveCfg = Release|Any CPU
		{71F2D494-86F9-4711-A30F-450E0DACEA38}.Release|x86.Build.0 = Release|Any CPU
		{F8105FD4-4057-4402-A627-BFFFBAAACBCD}.Debug|Any CPU.ActiveCfg = Debug|Any CPU
		{F8105FD4-4057-4402-A627-BFFFBAAACBCD}.Debug|Any CPU.Build.0 = Debug|Any CPU
		{F8105FD4-4057-4402-A627-BFFFBAAACBCD}.Debug|ARM.ActiveCfg = Debug|Any CPU
		{F8105FD4-4057-4402-A627-BFFFBAAACBCD}.Debug|ARM.Build.0 = Debug|Any CPU
		{F8105FD4-4057-4402-A627-BFFFBAAACBCD}.Debug|ARM64.ActiveCfg = Debug|Any CPU
		{F8105FD4-4057-4402-A627-BFFFBAAACBCD}.Debug|ARM64.Build.0 = Debug|Any CPU
		{F8105FD4-4057-4402-A627-BFFFBAAACBCD}.Debug|x64.ActiveCfg = Debug|Any CPU
		{F8105FD4-4057-4402-A627-BFFFBAAACBCD}.Debug|x64.Build.0 = Debug|Any CPU
		{F8105FD4-4057-4402-A627-BFFFBAAACBCD}.Debug|x86.ActiveCfg = Debug|Any CPU
		{F8105FD4-4057-4402-A627-BFFFBAAACBCD}.Debug|x86.Build.0 = Debug|Any CPU
		{F8105FD4-4057-4402-A627-BFFFBAAACBCD}.Release|Any CPU.ActiveCfg = Release|Any CPU
		{F8105FD4-4057-4402-A627-BFFFBAAACBCD}.Release|Any CPU.Build.0 = Release|Any CPU
		{F8105FD4-4057-4402-A627-BFFFBAAACBCD}.Release|ARM.ActiveCfg = Release|Any CPU
		{F8105FD4-4057-4402-A627-BFFFBAAACBCD}.Release|ARM.Build.0 = Release|Any CPU
		{F8105FD4-4057-4402-A627-BFFFBAAACBCD}.Release|ARM64.ActiveCfg = Release|Any CPU
		{F8105FD4-4057-4402-A627-BFFFBAAACBCD}.Release|ARM64.Build.0 = Release|Any CPU
		{F8105FD4-4057-4402-A627-BFFFBAAACBCD}.Release|x64.ActiveCfg = Release|Any CPU
		{F8105FD4-4057-4402-A627-BFFFBAAACBCD}.Release|x64.Build.0 = Release|Any CPU
		{F8105FD4-4057-4402-A627-BFFFBAAACBCD}.Release|x86.ActiveCfg = Release|Any CPU
		{F8105FD4-4057-4402-A627-BFFFBAAACBCD}.Release|x86.Build.0 = Release|Any CPU
		{A16F7550-959A-4667-B84C-8171AF1883C6}.Debug|Any CPU.ActiveCfg = Debug|Any CPU
		{A16F7550-959A-4667-B84C-8171AF1883C6}.Debug|Any CPU.Build.0 = Debug|Any CPU
		{A16F7550-959A-4667-B84C-8171AF1883C6}.Debug|ARM.ActiveCfg = Debug|Any CPU
		{A16F7550-959A-4667-B84C-8171AF1883C6}.Debug|ARM.Build.0 = Debug|Any CPU
		{A16F7550-959A-4667-B84C-8171AF1883C6}.Debug|ARM64.ActiveCfg = Debug|Any CPU
		{A16F7550-959A-4667-B84C-8171AF1883C6}.Debug|ARM64.Build.0 = Debug|Any CPU
		{A16F7550-959A-4667-B84C-8171AF1883C6}.Debug|x64.ActiveCfg = Debug|Any CPU
		{A16F7550-959A-4667-B84C-8171AF1883C6}.Debug|x64.Build.0 = Debug|Any CPU
		{A16F7550-959A-4667-B84C-8171AF1883C6}.Debug|x86.ActiveCfg = Debug|Any CPU
		{A16F7550-959A-4667-B84C-8171AF1883C6}.Debug|x86.Build.0 = Debug|Any CPU
		{A16F7550-959A-4667-B84C-8171AF1883C6}.Release|Any CPU.ActiveCfg = Release|Any CPU
		{A16F7550-959A-4667-B84C-8171AF1883C6}.Release|Any CPU.Build.0 = Release|Any CPU
		{A16F7550-959A-4667-B84C-8171AF1883C6}.Release|ARM.ActiveCfg = Release|Any CPU
		{A16F7550-959A-4667-B84C-8171AF1883C6}.Release|ARM.Build.0 = Release|Any CPU
		{A16F7550-959A-4667-B84C-8171AF1883C6}.Release|ARM64.ActiveCfg = Release|Any CPU
		{A16F7550-959A-4667-B84C-8171AF1883C6}.Release|ARM64.Build.0 = Release|Any CPU
		{A16F7550-959A-4667-B84C-8171AF1883C6}.Release|x64.ActiveCfg = Release|Any CPU
		{A16F7550-959A-4667-B84C-8171AF1883C6}.Release|x64.Build.0 = Release|Any CPU
		{A16F7550-959A-4667-B84C-8171AF1883C6}.Release|x86.ActiveCfg = Release|Any CPU
		{A16F7550-959A-4667-B84C-8171AF1883C6}.Release|x86.Build.0 = Release|Any CPU
		{17E76362-A2AB-4248-8CAE-914B79DB52B8}.Debug|Any CPU.ActiveCfg = Debug|Any CPU
		{17E76362-A2AB-4248-8CAE-914B79DB52B8}.Debug|Any CPU.Build.0 = Debug|Any CPU
		{17E76362-A2AB-4248-8CAE-914B79DB52B8}.Debug|ARM.ActiveCfg = Debug|Any CPU
		{17E76362-A2AB-4248-8CAE-914B79DB52B8}.Debug|ARM.Build.0 = Debug|Any CPU
		{17E76362-A2AB-4248-8CAE-914B79DB52B8}.Debug|ARM64.ActiveCfg = Debug|Any CPU
		{17E76362-A2AB-4248-8CAE-914B79DB52B8}.Debug|ARM64.Build.0 = Debug|Any CPU
		{17E76362-A2AB-4248-8CAE-914B79DB52B8}.Debug|x64.ActiveCfg = Debug|Any CPU
		{17E76362-A2AB-4248-8CAE-914B79DB52B8}.Debug|x64.Build.0 = Debug|Any CPU
		{17E76362-A2AB-4248-8CAE-914B79DB52B8}.Debug|x86.ActiveCfg = Debug|Any CPU
		{17E76362-A2AB-4248-8CAE-914B79DB52B8}.Debug|x86.Build.0 = Debug|Any CPU
		{17E76362-A2AB-4248-8CAE-914B79DB52B8}.Release|Any CPU.ActiveCfg = Release|Any CPU
		{17E76362-A2AB-4248-8CAE-914B79DB52B8}.Release|Any CPU.Build.0 = Release|Any CPU
		{17E76362-A2AB-4248-8CAE-914B79DB52B8}.Release|ARM.ActiveCfg = Release|Any CPU
		{17E76362-A2AB-4248-8CAE-914B79DB52B8}.Release|ARM.Build.0 = Release|Any CPU
		{17E76362-A2AB-4248-8CAE-914B79DB52B8}.Release|ARM64.ActiveCfg = Release|Any CPU
		{17E76362-A2AB-4248-8CAE-914B79DB52B8}.Release|ARM64.Build.0 = Release|Any CPU
		{17E76362-A2AB-4248-8CAE-914B79DB52B8}.Release|x64.ActiveCfg = Release|Any CPU
		{17E76362-A2AB-4248-8CAE-914B79DB52B8}.Release|x64.Build.0 = Release|Any CPU
		{17E76362-A2AB-4248-8CAE-914B79DB52B8}.Release|x86.ActiveCfg = Release|Any CPU
		{17E76362-A2AB-4248-8CAE-914B79DB52B8}.Release|x86.Build.0 = Release|Any CPU
		{E42C86E6-7FCC-46AC-BCAD-8F2D3B5CC641}.Debug|Any CPU.ActiveCfg = Debug|Any CPU
		{E42C86E6-7FCC-46AC-BCAD-8F2D3B5CC641}.Debug|Any CPU.Build.0 = Debug|Any CPU
		{E42C86E6-7FCC-46AC-BCAD-8F2D3B5CC641}.Debug|ARM.ActiveCfg = Debug|Any CPU
		{E42C86E6-7FCC-46AC-BCAD-8F2D3B5CC641}.Debug|ARM.Build.0 = Debug|Any CPU
		{E42C86E6-7FCC-46AC-BCAD-8F2D3B5CC641}.Debug|ARM64.ActiveCfg = Debug|Any CPU
		{E42C86E6-7FCC-46AC-BCAD-8F2D3B5CC641}.Debug|ARM64.Build.0 = Debug|Any CPU
		{E42C86E6-7FCC-46AC-BCAD-8F2D3B5CC641}.Debug|x64.ActiveCfg = Debug|Any CPU
		{E42C86E6-7FCC-46AC-BCAD-8F2D3B5CC641}.Debug|x64.Build.0 = Debug|Any CPU
		{E42C86E6-7FCC-46AC-BCAD-8F2D3B5CC641}.Debug|x86.ActiveCfg = Debug|Any CPU
		{E42C86E6-7FCC-46AC-BCAD-8F2D3B5CC641}.Debug|x86.Build.0 = Debug|Any CPU
		{E42C86E6-7FCC-46AC-BCAD-8F2D3B5CC641}.Release|Any CPU.ActiveCfg = Release|Any CPU
		{E42C86E6-7FCC-46AC-BCAD-8F2D3B5CC641}.Release|Any CPU.Build.0 = Release|Any CPU
		{E42C86E6-7FCC-46AC-BCAD-8F2D3B5CC641}.Release|ARM.ActiveCfg = Release|Any CPU
		{E42C86E6-7FCC-46AC-BCAD-8F2D3B5CC641}.Release|ARM.Build.0 = Release|Any CPU
		{E42C86E6-7FCC-46AC-BCAD-8F2D3B5CC641}.Release|ARM64.ActiveCfg = Release|Any CPU
		{E42C86E6-7FCC-46AC-BCAD-8F2D3B5CC641}.Release|ARM64.Build.0 = Release|Any CPU
		{E42C86E6-7FCC-46AC-BCAD-8F2D3B5CC641}.Release|x64.ActiveCfg = Release|Any CPU
		{E42C86E6-7FCC-46AC-BCAD-8F2D3B5CC641}.Release|x64.Build.0 = Release|Any CPU
		{E42C86E6-7FCC-46AC-BCAD-8F2D3B5CC641}.Release|x86.ActiveCfg = Release|Any CPU
		{E42C86E6-7FCC-46AC-BCAD-8F2D3B5CC641}.Release|x86.Build.0 = Release|Any CPU
		{90B3F84B-196A-4391-9C7A-F3D0DA050F95}.Debug|Any CPU.ActiveCfg = Debug|Any CPU
		{90B3F84B-196A-4391-9C7A-F3D0DA050F95}.Debug|Any CPU.Build.0 = Debug|Any CPU
		{90B3F84B-196A-4391-9C7A-F3D0DA050F95}.Debug|ARM.ActiveCfg = Debug|Any CPU
		{90B3F84B-196A-4391-9C7A-F3D0DA050F95}.Debug|ARM.Build.0 = Debug|Any CPU
		{90B3F84B-196A-4391-9C7A-F3D0DA050F95}.Debug|ARM64.ActiveCfg = Debug|Any CPU
		{90B3F84B-196A-4391-9C7A-F3D0DA050F95}.Debug|ARM64.Build.0 = Debug|Any CPU
		{90B3F84B-196A-4391-9C7A-F3D0DA050F95}.Debug|x64.ActiveCfg = Debug|Any CPU
		{90B3F84B-196A-4391-9C7A-F3D0DA050F95}.Debug|x64.Build.0 = Debug|Any CPU
		{90B3F84B-196A-4391-9C7A-F3D0DA050F95}.Debug|x86.ActiveCfg = Debug|Any CPU
		{90B3F84B-196A-4391-9C7A-F3D0DA050F95}.Debug|x86.Build.0 = Debug|Any CPU
		{90B3F84B-196A-4391-9C7A-F3D0DA050F95}.Release|Any CPU.ActiveCfg = Release|Any CPU
		{90B3F84B-196A-4391-9C7A-F3D0DA050F95}.Release|Any CPU.Build.0 = Release|Any CPU
		{90B3F84B-196A-4391-9C7A-F3D0DA050F95}.Release|ARM.ActiveCfg = Release|Any CPU
		{90B3F84B-196A-4391-9C7A-F3D0DA050F95}.Release|ARM.Build.0 = Release|Any CPU
		{90B3F84B-196A-4391-9C7A-F3D0DA050F95}.Release|ARM64.ActiveCfg = Release|Any CPU
		{90B3F84B-196A-4391-9C7A-F3D0DA050F95}.Release|ARM64.Build.0 = Release|Any CPU
		{90B3F84B-196A-4391-9C7A-F3D0DA050F95}.Release|x64.ActiveCfg = Release|Any CPU
		{90B3F84B-196A-4391-9C7A-F3D0DA050F95}.Release|x64.Build.0 = Release|Any CPU
		{90B3F84B-196A-4391-9C7A-F3D0DA050F95}.Release|x86.ActiveCfg = Release|Any CPU
		{90B3F84B-196A-4391-9C7A-F3D0DA050F95}.Release|x86.Build.0 = Release|Any CPU
		{BCBFE0AC-F29B-4245-AAA6-705EA483758D}.Debug|Any CPU.ActiveCfg = Debug|Any CPU
		{BCBFE0AC-F29B-4245-AAA6-705EA483758D}.Debug|Any CPU.Build.0 = Debug|Any CPU
		{BCBFE0AC-F29B-4245-AAA6-705EA483758D}.Debug|ARM.ActiveCfg = Debug|Any CPU
		{BCBFE0AC-F29B-4245-AAA6-705EA483758D}.Debug|ARM.Build.0 = Debug|Any CPU
		{BCBFE0AC-F29B-4245-AAA6-705EA483758D}.Debug|ARM64.ActiveCfg = Debug|Any CPU
		{BCBFE0AC-F29B-4245-AAA6-705EA483758D}.Debug|ARM64.Build.0 = Debug|Any CPU
		{BCBFE0AC-F29B-4245-AAA6-705EA483758D}.Debug|x64.ActiveCfg = Debug|Any CPU
		{BCBFE0AC-F29B-4245-AAA6-705EA483758D}.Debug|x64.Build.0 = Debug|Any CPU
		{BCBFE0AC-F29B-4245-AAA6-705EA483758D}.Debug|x86.ActiveCfg = Debug|Any CPU
		{BCBFE0AC-F29B-4245-AAA6-705EA483758D}.Debug|x86.Build.0 = Debug|Any CPU
		{BCBFE0AC-F29B-4245-AAA6-705EA483758D}.Release|Any CPU.ActiveCfg = Release|Any CPU
		{BCBFE0AC-F29B-4245-AAA6-705EA483758D}.Release|Any CPU.Build.0 = Release|Any CPU
		{BCBFE0AC-F29B-4245-AAA6-705EA483758D}.Release|ARM.ActiveCfg = Release|Any CPU
		{BCBFE0AC-F29B-4245-AAA6-705EA483758D}.Release|ARM.Build.0 = Release|Any CPU
		{BCBFE0AC-F29B-4245-AAA6-705EA483758D}.Release|ARM64.ActiveCfg = Release|Any CPU
		{BCBFE0AC-F29B-4245-AAA6-705EA483758D}.Release|ARM64.Build.0 = Release|Any CPU
		{BCBFE0AC-F29B-4245-AAA6-705EA483758D}.Release|x64.ActiveCfg = Release|Any CPU
		{BCBFE0AC-F29B-4245-AAA6-705EA483758D}.Release|x64.Build.0 = Release|Any CPU
		{BCBFE0AC-F29B-4245-AAA6-705EA483758D}.Release|x86.ActiveCfg = Release|Any CPU
		{BCBFE0AC-F29B-4245-AAA6-705EA483758D}.Release|x86.Build.0 = Release|Any CPU
		{E601653F-C086-45C9-9EF9-3F6570B744A2}.Debug|Any CPU.ActiveCfg = Debug|Any CPU
		{E601653F-C086-45C9-9EF9-3F6570B744A2}.Debug|Any CPU.Build.0 = Debug|Any CPU
		{E601653F-C086-45C9-9EF9-3F6570B744A2}.Debug|ARM.ActiveCfg = Debug|Any CPU
		{E601653F-C086-45C9-9EF9-3F6570B744A2}.Debug|ARM.Build.0 = Debug|Any CPU
		{E601653F-C086-45C9-9EF9-3F6570B744A2}.Debug|ARM64.ActiveCfg = Debug|Any CPU
		{E601653F-C086-45C9-9EF9-3F6570B744A2}.Debug|ARM64.Build.0 = Debug|Any CPU
		{E601653F-C086-45C9-9EF9-3F6570B744A2}.Debug|x64.ActiveCfg = Debug|Any CPU
		{E601653F-C086-45C9-9EF9-3F6570B744A2}.Debug|x64.Build.0 = Debug|Any CPU
		{E601653F-C086-45C9-9EF9-3F6570B744A2}.Debug|x86.ActiveCfg = Debug|Any CPU
		{E601653F-C086-45C9-9EF9-3F6570B744A2}.Debug|x86.Build.0 = Debug|Any CPU
		{E601653F-C086-45C9-9EF9-3F6570B744A2}.Release|Any CPU.ActiveCfg = Release|Any CPU
		{E601653F-C086-45C9-9EF9-3F6570B744A2}.Release|Any CPU.Build.0 = Release|Any CPU
		{E601653F-C086-45C9-9EF9-3F6570B744A2}.Release|ARM.ActiveCfg = Release|Any CPU
		{E601653F-C086-45C9-9EF9-3F6570B744A2}.Release|ARM.Build.0 = Release|Any CPU
		{E601653F-C086-45C9-9EF9-3F6570B744A2}.Release|ARM64.ActiveCfg = Release|Any CPU
		{E601653F-C086-45C9-9EF9-3F6570B744A2}.Release|ARM64.Build.0 = Release|Any CPU
		{E601653F-C086-45C9-9EF9-3F6570B744A2}.Release|x64.ActiveCfg = Release|Any CPU
		{E601653F-C086-45C9-9EF9-3F6570B744A2}.Release|x64.Build.0 = Release|Any CPU
		{E601653F-C086-45C9-9EF9-3F6570B744A2}.Release|x86.ActiveCfg = Release|Any CPU
		{E601653F-C086-45C9-9EF9-3F6570B744A2}.Release|x86.Build.0 = Release|Any CPU
		{48B45D28-0FF0-48E8-AB86-553335765DFF}.Debug|Any CPU.ActiveCfg = Debug|Any CPU
		{48B45D28-0FF0-48E8-AB86-553335765DFF}.Debug|Any CPU.Build.0 = Debug|Any CPU
		{48B45D28-0FF0-48E8-AB86-553335765DFF}.Debug|ARM.ActiveCfg = Debug|Any CPU
		{48B45D28-0FF0-48E8-AB86-553335765DFF}.Debug|ARM.Build.0 = Debug|Any CPU
		{48B45D28-0FF0-48E8-AB86-553335765DFF}.Debug|ARM64.ActiveCfg = Debug|Any CPU
		{48B45D28-0FF0-48E8-AB86-553335765DFF}.Debug|ARM64.Build.0 = Debug|Any CPU
		{48B45D28-0FF0-48E8-AB86-553335765DFF}.Debug|x64.ActiveCfg = Debug|Any CPU
		{48B45D28-0FF0-48E8-AB86-553335765DFF}.Debug|x64.Build.0 = Debug|Any CPU
		{48B45D28-0FF0-48E8-AB86-553335765DFF}.Debug|x86.ActiveCfg = Debug|Any CPU
		{48B45D28-0FF0-48E8-AB86-553335765DFF}.Debug|x86.Build.0 = Debug|Any CPU
		{48B45D28-0FF0-48E8-AB86-553335765DFF}.Release|Any CPU.ActiveCfg = Release|Any CPU
		{48B45D28-0FF0-48E8-AB86-553335765DFF}.Release|Any CPU.Build.0 = Release|Any CPU
		{48B45D28-0FF0-48E8-AB86-553335765DFF}.Release|ARM.ActiveCfg = Release|Any CPU
		{48B45D28-0FF0-48E8-AB86-553335765DFF}.Release|ARM.Build.0 = Release|Any CPU
		{48B45D28-0FF0-48E8-AB86-553335765DFF}.Release|ARM64.ActiveCfg = Release|Any CPU
		{48B45D28-0FF0-48E8-AB86-553335765DFF}.Release|ARM64.Build.0 = Release|Any CPU
		{48B45D28-0FF0-48E8-AB86-553335765DFF}.Release|x64.ActiveCfg = Release|Any CPU
		{48B45D28-0FF0-48E8-AB86-553335765DFF}.Release|x64.Build.0 = Release|Any CPU
		{48B45D28-0FF0-48E8-AB86-553335765DFF}.Release|x86.ActiveCfg = Release|Any CPU
		{48B45D28-0FF0-48E8-AB86-553335765DFF}.Release|x86.Build.0 = Release|Any CPU
		{00D57A9B-357F-431C-BF19-1FF59754DE76}.Debug|Any CPU.ActiveCfg = Debug|Any CPU
		{00D57A9B-357F-431C-BF19-1FF59754DE76}.Debug|Any CPU.Build.0 = Debug|Any CPU
		{00D57A9B-357F-431C-BF19-1FF59754DE76}.Debug|ARM.ActiveCfg = Debug|Any CPU
		{00D57A9B-357F-431C-BF19-1FF59754DE76}.Debug|ARM.Build.0 = Debug|Any CPU
		{00D57A9B-357F-431C-BF19-1FF59754DE76}.Debug|ARM64.ActiveCfg = Debug|Any CPU
		{00D57A9B-357F-431C-BF19-1FF59754DE76}.Debug|ARM64.Build.0 = Debug|Any CPU
		{00D57A9B-357F-431C-BF19-1FF59754DE76}.Debug|x64.ActiveCfg = Debug|Any CPU
		{00D57A9B-357F-431C-BF19-1FF59754DE76}.Debug|x64.Build.0 = Debug|Any CPU
		{00D57A9B-357F-431C-BF19-1FF59754DE76}.Debug|x86.ActiveCfg = Debug|Any CPU
		{00D57A9B-357F-431C-BF19-1FF59754DE76}.Debug|x86.Build.0 = Debug|Any CPU
		{00D57A9B-357F-431C-BF19-1FF59754DE76}.Release|Any CPU.ActiveCfg = Release|Any CPU
		{00D57A9B-357F-431C-BF19-1FF59754DE76}.Release|Any CPU.Build.0 = Release|Any CPU
		{00D57A9B-357F-431C-BF19-1FF59754DE76}.Release|ARM.ActiveCfg = Release|Any CPU
		{00D57A9B-357F-431C-BF19-1FF59754DE76}.Release|ARM.Build.0 = Release|Any CPU
		{00D57A9B-357F-431C-BF19-1FF59754DE76}.Release|ARM64.ActiveCfg = Release|Any CPU
		{00D57A9B-357F-431C-BF19-1FF59754DE76}.Release|ARM64.Build.0 = Release|Any CPU
		{00D57A9B-357F-431C-BF19-1FF59754DE76}.Release|x64.ActiveCfg = Release|Any CPU
		{00D57A9B-357F-431C-BF19-1FF59754DE76}.Release|x64.Build.0 = Release|Any CPU
		{00D57A9B-357F-431C-BF19-1FF59754DE76}.Release|x86.ActiveCfg = Release|Any CPU
		{00D57A9B-357F-431C-BF19-1FF59754DE76}.Release|x86.Build.0 = Release|Any CPU
		{6C783138-2976-4603-A617-06E38BF008DE}.Debug|Any CPU.ActiveCfg = Debug|Any CPU
		{6C783138-2976-4603-A617-06E38BF008DE}.Debug|Any CPU.Build.0 = Debug|Any CPU
		{6C783138-2976-4603-A617-06E38BF008DE}.Debug|ARM.ActiveCfg = Debug|Any CPU
		{6C783138-2976-4603-A617-06E38BF008DE}.Debug|ARM.Build.0 = Debug|Any CPU
		{6C783138-2976-4603-A617-06E38BF008DE}.Debug|ARM64.ActiveCfg = Debug|Any CPU
		{6C783138-2976-4603-A617-06E38BF008DE}.Debug|ARM64.Build.0 = Debug|Any CPU
		{6C783138-2976-4603-A617-06E38BF008DE}.Debug|x64.ActiveCfg = Debug|Any CPU
		{6C783138-2976-4603-A617-06E38BF008DE}.Debug|x64.Build.0 = Debug|Any CPU
		{6C783138-2976-4603-A617-06E38BF008DE}.Debug|x86.ActiveCfg = Debug|Any CPU
		{6C783138-2976-4603-A617-06E38BF008DE}.Debug|x86.Build.0 = Debug|Any CPU
		{6C783138-2976-4603-A617-06E38BF008DE}.Release|Any CPU.ActiveCfg = Release|Any CPU
		{6C783138-2976-4603-A617-06E38BF008DE}.Release|Any CPU.Build.0 = Release|Any CPU
		{6C783138-2976-4603-A617-06E38BF008DE}.Release|ARM.ActiveCfg = Release|Any CPU
		{6C783138-2976-4603-A617-06E38BF008DE}.Release|ARM.Build.0 = Release|Any CPU
		{6C783138-2976-4603-A617-06E38BF008DE}.Release|ARM64.ActiveCfg = Release|Any CPU
		{6C783138-2976-4603-A617-06E38BF008DE}.Release|ARM64.Build.0 = Release|Any CPU
		{6C783138-2976-4603-A617-06E38BF008DE}.Release|x64.ActiveCfg = Release|Any CPU
		{6C783138-2976-4603-A617-06E38BF008DE}.Release|x64.Build.0 = Release|Any CPU
		{6C783138-2976-4603-A617-06E38BF008DE}.Release|x86.ActiveCfg = Release|Any CPU
		{6C783138-2976-4603-A617-06E38BF008DE}.Release|x86.Build.0 = Release|Any CPU
		{08529A27-A168-4E98-92E0-3E989C12F377}.Debug|Any CPU.ActiveCfg = Debug|Any CPU
		{08529A27-A168-4E98-92E0-3E989C12F377}.Debug|Any CPU.Build.0 = Debug|Any CPU
		{08529A27-A168-4E98-92E0-3E989C12F377}.Debug|ARM.ActiveCfg = Debug|Any CPU
		{08529A27-A168-4E98-92E0-3E989C12F377}.Debug|ARM.Build.0 = Debug|Any CPU
		{08529A27-A168-4E98-92E0-3E989C12F377}.Debug|ARM64.ActiveCfg = Debug|Any CPU
		{08529A27-A168-4E98-92E0-3E989C12F377}.Debug|ARM64.Build.0 = Debug|Any CPU
		{08529A27-A168-4E98-92E0-3E989C12F377}.Debug|x64.ActiveCfg = Debug|Any CPU
		{08529A27-A168-4E98-92E0-3E989C12F377}.Debug|x64.Build.0 = Debug|Any CPU
		{08529A27-A168-4E98-92E0-3E989C12F377}.Debug|x86.ActiveCfg = Debug|Any CPU
		{08529A27-A168-4E98-92E0-3E989C12F377}.Debug|x86.Build.0 = Debug|Any CPU
		{08529A27-A168-4E98-92E0-3E989C12F377}.Release|Any CPU.ActiveCfg = Release|Any CPU
		{08529A27-A168-4E98-92E0-3E989C12F377}.Release|Any CPU.Build.0 = Release|Any CPU
		{08529A27-A168-4E98-92E0-3E989C12F377}.Release|ARM.ActiveCfg = Release|Any CPU
		{08529A27-A168-4E98-92E0-3E989C12F377}.Release|ARM.Build.0 = Release|Any CPU
		{08529A27-A168-4E98-92E0-3E989C12F377}.Release|ARM64.ActiveCfg = Release|Any CPU
		{08529A27-A168-4E98-92E0-3E989C12F377}.Release|ARM64.Build.0 = Release|Any CPU
		{08529A27-A168-4E98-92E0-3E989C12F377}.Release|x64.ActiveCfg = Release|Any CPU
		{08529A27-A168-4E98-92E0-3E989C12F377}.Release|x64.Build.0 = Release|Any CPU
		{08529A27-A168-4E98-92E0-3E989C12F377}.Release|x86.ActiveCfg = Release|Any CPU
		{08529A27-A168-4E98-92E0-3E989C12F377}.Release|x86.Build.0 = Release|Any CPU
	EndGlobalSection
	GlobalSection(SolutionProperties) = preSolution
		HideSolutionNode = FALSE
	EndGlobalSection
	GlobalSection(NestedProjects) = preSolution
		{C19D61FF-4B43-4FE4-89CB-BBED1A9FDA4A} = {68800B89-89E6-4482-B5B6-A8DA3B7FF8B1}
		{D1455165-FCA1-4C89-8FCE-33553AC060DD} = {68800B89-89E6-4482-B5B6-A8DA3B7FF8B1}
		{7DB42DF1-D03B-4CEC-AF7E-37481DE7BB87} = {73B4485E-562D-4993-996B-3FF97F308506}
		{623C1565-EF2D-4C99-9009-B81B3E1CBAD8} = {73B4485E-562D-4993-996B-3FF97F308506}
		{847FE59E-FC20-4B54-B512-3225EE11497D} = {68800B89-89E6-4482-B5B6-A8DA3B7FF8B1}
		{80810F3A-2779-482A-97D7-152D792DEBA0} = {27288A55-6761-4412-B2A5-EFAF635C4A30}
		{722C4DAB-FADC-4869-9FB2-42553FBA5759} = {27288A55-6761-4412-B2A5-EFAF635C4A30}
		{5E9087A6-702A-47CA-853A-08DAA9ECE8B1} = {722C4DAB-FADC-4869-9FB2-42553FBA5759}
		{52BC2634-A8DB-4AE3-97B2-ED35C7D89DF2} = {722C4DAB-FADC-4869-9FB2-42553FBA5759}
		{7CCE1AD3-75EE-446E-B2C0-91EAF78A88F7} = {DD739A98-4650-482E-8BA6-256150FC95DD}
		{DD739A98-4650-482E-8BA6-256150FC95DD} = {80810F3A-2779-482A-97D7-152D792DEBA0}
		{8C31E189-98FF-4621-8651-D963E6356966} = {DD739A98-4650-482E-8BA6-256150FC95DD}
		{BAA35940-293F-4C67-B8A9-3058D718D345} = {80810F3A-2779-482A-97D7-152D792DEBA0}
		{8C52209C-057E-4EF6-9126-E140A6B1F934} = {BAA35940-293F-4C67-B8A9-3058D718D345}
		{9D2C30D9-FEC6-4EBF-A078-A3ABC7CB9F87} = {BAA35940-293F-4C67-B8A9-3058D718D345}
		{32CA8BB5-62A9-440D-8D52-298F81283891} = {68800B89-89E6-4482-B5B6-A8DA3B7FF8B1}
		{68800B89-89E6-4482-B5B6-A8DA3B7FF8B1} = {80810F3A-2779-482A-97D7-152D792DEBA0}
		{71F2D494-86F9-4711-A30F-450E0DACEA38} = {BAA35940-293F-4C67-B8A9-3058D718D345}
		{F8105FD4-4057-4402-A627-BFFFBAAACBCD} = {A849398A-5600-4A72-B3B0-7E4A188629B7}
		{A16F7550-959A-4667-B84C-8171AF1883C6} = {A849398A-5600-4A72-B3B0-7E4A188629B7}
		{17E76362-A2AB-4248-8CAE-914B79DB52B8} = {E47234EE-606A-4CA7-B825-2A62305E20A7}
		{E42C86E6-7FCC-46AC-BCAD-8F2D3B5CC641} = {E47234EE-606A-4CA7-B825-2A62305E20A7}
		{90B3F84B-196A-4391-9C7A-F3D0DA050F95} = {E47234EE-606A-4CA7-B825-2A62305E20A7}
		{BCBFE0AC-F29B-4245-AAA6-705EA483758D} = {E47234EE-606A-4CA7-B825-2A62305E20A7}
		{E601653F-C086-45C9-9EF9-3F6570B744A2} = {DD739A98-4650-482E-8BA6-256150FC95DD}
		{48B45D28-0FF0-48E8-AB86-553335765DFF} = {DD739A98-4650-482E-8BA6-256150FC95DD}
		{00D57A9B-357F-431C-BF19-1FF59754DE76} = {E47234EE-606A-4CA7-B825-2A62305E20A7}
		{6C783138-2976-4603-A617-06E38BF008DE} = {BAA35940-293F-4C67-B8A9-3058D718D345}
		{08529A27-A168-4E98-92E0-3E989C12F377} = {68800B89-89E6-4482-B5B6-A8DA3B7FF8B1}
	EndGlobalSection
	GlobalSection(ExtensibilityGlobals) = postSolution
		SolutionGuid = {E98F1454-9008-4490-9766-CA7CB4BD2A30}
	EndGlobalSection
EndGlobal
