
Microsoft Visual Studio Solution File, Format Version 12.00
# Visual Studio 15
VisualStudioVersion = 15.0.28307.329
MinimumVisualStudioVersion = 10.0.40219.1
Project("{9A19103F-16F7-4668-BE54-9A1E7A4F7556}") = "Tello.Udp", "Tello.Udp\Tello.Udp.csproj", "{894D1A55-9212-4C04-AAD7-A6621549594D}"
EndProject
Project("{2150E333-8FDC-42A3-9474-1A3956D46DE8}") = "src", "src", "{27288A55-6761-4412-B2A5-EFAF635C4A30}"
EndProject
Project("{9A19103F-16F7-4668-BE54-9A1E7A4F7556}") = "Tello.Controller", "Tello.Controller\Tello.Controller.csproj", "{C19D61FF-4B43-4FE4-89CB-BBED1A9FDA4A}"
EndProject
Project("{9A19103F-16F7-4668-BE54-9A1E7A4F7556}") = "Tello.Emulator.SDKV2", "Tello.Emulator.SDKV2\Tello.Emulator.SDKV2.csproj", "{D1455165-FCA1-4C89-8FCE-33553AC060DD}"
EndProject
Project("{9A19103F-16F7-4668-BE54-9A1E7A4F7556}") = "Tello.Emulator.SDKV2.Demo", "Tello.Emulator.SDKV2.Demo\Tello.Emulator.SDKV2.Demo.csproj", "{9DB0B70C-E5F0-4E7E-B3E7-2C6E6D9E49DA}"
EndProject
Project("{9A19103F-16F7-4668-BE54-9A1E7A4F7556}") = "Tello.Messaging", "Tello.Messaging\Tello.Messaging.csproj", "{04963A60-6721-4057-B3AE-2D97D025D127}"
EndProject
Project("{9A19103F-16F7-4668-BE54-9A1E7A4F7556}") = "Tello.Udp.Demo", "Tello.Udp.Demo\Tello.Udp.Demo.csproj", "{AEC9444C-B8D6-468E-AF62-2E68C77321AC}"
EndProject
Project("{2150E333-8FDC-42A3-9474-1A3956D46DE8}") = "nuspec", "nuspec", "{7DB42DF1-D03B-4CEC-AF7E-37481DE7BB87}"
	ProjectSection(SolutionItems) = preProject
		nuspec\Package.nuspec = nuspec\Package.nuspec
	EndProjectSection
EndProject
Project("{2150E333-8FDC-42A3-9474-1A3956D46DE8}") = "art", "art", "{8D543EDC-1029-47D5-BF58-46317E16E67B}"
	ProjectSection(SolutionItems) = preProject
		..\art\drone.png = ..\art\drone.png
		..\art\drone.svg = ..\art\drone.svg
	EndProjectSection
EndProject
Project("{2150E333-8FDC-42A3-9474-1A3956D46DE8}") = "samples", "samples", "{A849398A-5600-4A72-B3B0-7E4A188629B7}"
EndProject
Project("{2150E333-8FDC-42A3-9474-1A3956D46DE8}") = "scripts", "scripts", "{623C1565-EF2D-4C99-9009-B81B3E1CBAD8}"
	ProjectSection(SolutionItems) = preProject
		..\scripts\PackNPush_Local_Debug.ps1 = ..\scripts\PackNPush_Local_Debug.ps1
		..\scripts\PackNPush_Local_Release.ps1 = ..\scripts\PackNPush_Local_Release.ps1
		..\scripts\PackNPush_NugetOrg.ps1 = ..\scripts\PackNPush_NugetOrg.ps1
		..\scripts\PackNPushAll.ps1 = ..\scripts\PackNPushAll.ps1
	EndProjectSection
EndProject
Project("{2150E333-8FDC-42A3-9474-1A3956D46DE8}") = "test", "test", "{E47234EE-606A-4CA7-B825-2A62305E20A7}"
EndProject
Project("{9A19103F-16F7-4668-BE54-9A1E7A4F7556}") = "Tello.Controller.Test", "..\tests\Tello.Conroller.Test\Tello.Controller.Test.csproj", "{9E3276F7-EDD1-4BDA-B2EF-0B77C7CAF895}"
EndProject
Project("{FAE04EC0-301F-11D3-BF4B-00C04F79EFBC}") = "Tello.Scripting", "Tello.Scripting\Tello.Scripting.csproj", "{847FE59E-FC20-4B54-B512-3225EE11497D}"
EndProject
Global
	GlobalSection(SolutionConfigurationPlatforms) = preSolution
		Debug|Any CPU = Debug|Any CPU
		Release|Any CPU = Release|Any CPU
	EndGlobalSection
	GlobalSection(ProjectConfigurationPlatforms) = postSolution
		{894D1A55-9212-4C04-AAD7-A6621549594D}.Debug|Any CPU.ActiveCfg = Debug|Any CPU
		{894D1A55-9212-4C04-AAD7-A6621549594D}.Debug|Any CPU.Build.0 = Debug|Any CPU
		{894D1A55-9212-4C04-AAD7-A6621549594D}.Release|Any CPU.ActiveCfg = Release|Any CPU
		{894D1A55-9212-4C04-AAD7-A6621549594D}.Release|Any CPU.Build.0 = Release|Any CPU
		{C19D61FF-4B43-4FE4-89CB-BBED1A9FDA4A}.Debug|Any CPU.ActiveCfg = Debug|Any CPU
		{C19D61FF-4B43-4FE4-89CB-BBED1A9FDA4A}.Debug|Any CPU.Build.0 = Debug|Any CPU
		{C19D61FF-4B43-4FE4-89CB-BBED1A9FDA4A}.Release|Any CPU.ActiveCfg = Release|Any CPU
		{C19D61FF-4B43-4FE4-89CB-BBED1A9FDA4A}.Release|Any CPU.Build.0 = Release|Any CPU
		{D1455165-FCA1-4C89-8FCE-33553AC060DD}.Debug|Any CPU.ActiveCfg = Debug|Any CPU
		{D1455165-FCA1-4C89-8FCE-33553AC060DD}.Debug|Any CPU.Build.0 = Debug|Any CPU
		{D1455165-FCA1-4C89-8FCE-33553AC060DD}.Release|Any CPU.ActiveCfg = Release|Any CPU
		{D1455165-FCA1-4C89-8FCE-33553AC060DD}.Release|Any CPU.Build.0 = Release|Any CPU
		{9DB0B70C-E5F0-4E7E-B3E7-2C6E6D9E49DA}.Debug|Any CPU.ActiveCfg = Debug|Any CPU
		{9DB0B70C-E5F0-4E7E-B3E7-2C6E6D9E49DA}.Debug|Any CPU.Build.0 = Debug|Any CPU
		{9DB0B70C-E5F0-4E7E-B3E7-2C6E6D9E49DA}.Release|Any CPU.ActiveCfg = Release|Any CPU
		{9DB0B70C-E5F0-4E7E-B3E7-2C6E6D9E49DA}.Release|Any CPU.Build.0 = Release|Any CPU
		{04963A60-6721-4057-B3AE-2D97D025D127}.Debug|Any CPU.ActiveCfg = Debug|Any CPU
		{04963A60-6721-4057-B3AE-2D97D025D127}.Debug|Any CPU.Build.0 = Debug|Any CPU
		{04963A60-6721-4057-B3AE-2D97D025D127}.Release|Any CPU.ActiveCfg = Release|Any CPU
		{04963A60-6721-4057-B3AE-2D97D025D127}.Release|Any CPU.Build.0 = Release|Any CPU
		{AEC9444C-B8D6-468E-AF62-2E68C77321AC}.Debug|Any CPU.ActiveCfg = Debug|Any CPU
		{AEC9444C-B8D6-468E-AF62-2E68C77321AC}.Debug|Any CPU.Build.0 = Debug|Any CPU
		{AEC9444C-B8D6-468E-AF62-2E68C77321AC}.Release|Any CPU.ActiveCfg = Release|Any CPU
		{AEC9444C-B8D6-468E-AF62-2E68C77321AC}.Release|Any CPU.Build.0 = Release|Any CPU
		{9E3276F7-EDD1-4BDA-B2EF-0B77C7CAF895}.Debug|Any CPU.ActiveCfg = Debug|Any CPU
		{9E3276F7-EDD1-4BDA-B2EF-0B77C7CAF895}.Debug|Any CPU.Build.0 = Debug|Any CPU
		{9E3276F7-EDD1-4BDA-B2EF-0B77C7CAF895}.Release|Any CPU.ActiveCfg = Release|Any CPU
		{9E3276F7-EDD1-4BDA-B2EF-0B77C7CAF895}.Release|Any CPU.Build.0 = Release|Any CPU
		{847FE59E-FC20-4B54-B512-3225EE11497D}.Debug|Any CPU.ActiveCfg = Debug|Any CPU
		{847FE59E-FC20-4B54-B512-3225EE11497D}.Debug|Any CPU.Build.0 = Debug|Any CPU
		{847FE59E-FC20-4B54-B512-3225EE11497D}.Release|Any CPU.ActiveCfg = Release|Any CPU
		{847FE59E-FC20-4B54-B512-3225EE11497D}.Release|Any CPU.Build.0 = Release|Any CPU
	EndGlobalSection
	GlobalSection(SolutionProperties) = preSolution
		HideSolutionNode = FALSE
	EndGlobalSection
	GlobalSection(NestedProjects) = preSolution
		{894D1A55-9212-4C04-AAD7-A6621549594D} = {27288A55-6761-4412-B2A5-EFAF635C4A30}
		{C19D61FF-4B43-4FE4-89CB-BBED1A9FDA4A} = {27288A55-6761-4412-B2A5-EFAF635C4A30}
		{D1455165-FCA1-4C89-8FCE-33553AC060DD} = {27288A55-6761-4412-B2A5-EFAF635C4A30}
		{9DB0B70C-E5F0-4E7E-B3E7-2C6E6D9E49DA} = {A849398A-5600-4A72-B3B0-7E4A188629B7}
		{04963A60-6721-4057-B3AE-2D97D025D127} = {27288A55-6761-4412-B2A5-EFAF635C4A30}
		{AEC9444C-B8D6-468E-AF62-2E68C77321AC} = {A849398A-5600-4A72-B3B0-7E4A188629B7}
		{9E3276F7-EDD1-4BDA-B2EF-0B77C7CAF895} = {E47234EE-606A-4CA7-B825-2A62305E20A7}
		{847FE59E-FC20-4B54-B512-3225EE11497D} = {27288A55-6761-4412-B2A5-EFAF635C4A30}
	EndGlobalSection
	GlobalSection(ExtensibilityGlobals) = postSolution
		SolutionGuid = {E98F1454-9008-4490-9766-CA7CB4BD2A30}
	EndGlobalSection
EndGlobal
